// !$*UTF8*$!
{
	archiveVersion = 1;
	classes = {
	};
	objectVersion = 46;
	objects = {

/* Begin PBXBuildFile section */
		4F0085A51ACE2114000E055F /* PullRefreshCell.m in Sources */ = {isa = PBXBuildFile; fileRef = 4F0085A41ACE2114000E055F /* PullRefreshCell.m */; };
		4F0085A81ACE3EB3000E055F /* PullRefreshController1.m in Sources */ = {isa = PBXBuildFile; fileRef = 4F0085A71ACE3EB3000E055F /* PullRefreshController1.m */; };
		4F0085AC1ACE6CA5000E055F /* JkHealthy.m in Sources */ = {isa = PBXBuildFile; fileRef = 4F0085AB1ACE6CA5000E055F /* JkHealthy.m */; };
		4F0B927C1ADB4A75008C637F /* UITextField+UITextFeildCatagory.m in Sources */ = {isa = PBXBuildFile; fileRef = 4F0B927B1ADB4A75008C637F /* UITextField+UITextFeildCatagory.m */; };
		4F0B927F1ADB4AF4008C637F /* UIView+UIViewCategory.m in Sources */ = {isa = PBXBuildFile; fileRef = 4F0B927E1ADB4AF4008C637F /* UIView+UIViewCategory.m */; };
		4F0B92821ADB4C3F008C637F /* ViewEvent.m in Sources */ = {isa = PBXBuildFile; fileRef = 4F0B92811ADB4C3F008C637F /* ViewEvent.m */; };
		4F0B92851ADB524B008C637F /* EasyLayout.m in Sources */ = {isa = PBXBuildFile; fileRef = 4F0B92841ADB524B008C637F /* EasyLayout.m */; };
		4F0B92881ADB58D1008C637F /* shareTest.m in Sources */ = {isa = PBXBuildFile; fileRef = 4F0B92871ADB58D1008C637F /* shareTest.m */; };
		4F0B928B1ADB6262008C637F /* TAlertView.m in Sources */ = {isa = PBXBuildFile; fileRef = 4F0B928A1ADB6262008C637F /* TAlertView.m */; };
		4F0B928F1ADB62BF008C637F /* LoadNotyBorder.m in Sources */ = {isa = PBXBuildFile; fileRef = 4F0B928E1ADB62BF008C637F /* LoadNotyBorder.m */; };
		4F0B92921ADB886D008C637F /* AlertNotify.m in Sources */ = {isa = PBXBuildFile; fileRef = 4F0B92911ADB886D008C637F /* AlertNotify.m */; };
		4F0B92951ADB9891008C637F /* DejalActivityView.m in Sources */ = {isa = PBXBuildFile; fileRef = 4F0B92941ADB9891008C637F /* DejalActivityView.m */; };
		4F115B171AD5140F009EF702 /* BaseViewController.m in Sources */ = {isa = PBXBuildFile; fileRef = 4F115B161AD5140F009EF702 /* BaseViewController.m */; };
		4F115B1A1AD51F22009EF702 /* UitableFeildViewController.m in Sources */ = {isa = PBXBuildFile; fileRef = 4F115B191AD51F22009EF702 /* UitableFeildViewController.m */; };
		4F115B1E1AD52FD4009EF702 /* UITextView+UITextViewCategory.m in Sources */ = {isa = PBXBuildFile; fileRef = 4F115B1D1AD52FD4009EF702 /* UITextView+UITextViewCategory.m */; };
		4F115B241AD60965009EF702 /* NetWorkOpration.m in Sources */ = {isa = PBXBuildFile; fileRef = 4F115B231AD60965009EF702 /* NetWorkOpration.m */; };
		4F9E7DF01ACCEDCF000252B6 /* main.m in Sources */ = {isa = PBXBuildFile; fileRef = 4F9E7DEF1ACCEDCF000252B6 /* main.m */; };
		4F9E7DF31ACCEDCF000252B6 /* AppDelegate.m in Sources */ = {isa = PBXBuildFile; fileRef = 4F9E7DF21ACCEDCF000252B6 /* AppDelegate.m */; };
		4F9E7DF61ACCEDCF000252B6 /* ViewController.m in Sources */ = {isa = PBXBuildFile; fileRef = 4F9E7DF51ACCEDCF000252B6 /* ViewController.m */; };
		4F9E7DF91ACCEDCF000252B6 /* Main.storyboard in Resources */ = {isa = PBXBuildFile; fileRef = 4F9E7DF71ACCEDCF000252B6 /* Main.storyboard */; };
		4F9E7DFB1ACCEDCF000252B6 /* Images.xcassets in Resources */ = {isa = PBXBuildFile; fileRef = 4F9E7DFA1ACCEDCF000252B6 /* Images.xcassets */; };
		4F9E7DFE1ACCEDCF000252B6 /* LaunchScreen.xib in Resources */ = {isa = PBXBuildFile; fileRef = 4F9E7DFC1ACCEDCF000252B6 /* LaunchScreen.xib */; };
		4F9E7E0A1ACCEDCF000252B6 /* commonProjectTests.m in Sources */ = {isa = PBXBuildFile; fileRef = 4F9E7E091ACCEDCF000252B6 /* commonProjectTests.m */; };
		4F9E7ED31ACCEE50000252B6 /* APScrollView.m in Sources */ = {isa = PBXBuildFile; fileRef = 4F9E7E161ACCEE50000252B6 /* APScrollView.m */; };
		4F9E7EF31ACCEE50000252B6 /* FMDatabase.m in Sources */ = {isa = PBXBuildFile; fileRef = 4F9E7E3A1ACCEE50000252B6 /* FMDatabase.m */; };
		4F9E7EF41ACCEE50000252B6 /* FMDatabaseAdditions.m in Sources */ = {isa = PBXBuildFile; fileRef = 4F9E7E3C1ACCEE50000252B6 /* FMDatabaseAdditions.m */; };
		4F9E7EF51ACCEE50000252B6 /* FMDatabasePool.m in Sources */ = {isa = PBXBuildFile; fileRef = 4F9E7E3E1ACCEE50000252B6 /* FMDatabasePool.m */; };
		4F9E7EF61ACCEE50000252B6 /* FMDatabaseQueue.m in Sources */ = {isa = PBXBuildFile; fileRef = 4F9E7E401ACCEE50000252B6 /* FMDatabaseQueue.m */; };
		4F9E7EF71ACCEE50000252B6 /* FMResultSet.m in Sources */ = {isa = PBXBuildFile; fileRef = 4F9E7E431ACCEE50000252B6 /* FMResultSet.m */; };
		4F9E7EF81ACCEE50000252B6 /* JsonToModel.m in Sources */ = {isa = PBXBuildFile; fileRef = 4F9E7E451ACCEE50000252B6 /* JsonToModel.m */; };
		4F9E7EF91ACCEE50000252B6 /* ZUOYLDAOBase.m in Sources */ = {isa = PBXBuildFile; fileRef = 4F9E7E471ACCEE50000252B6 /* ZUOYLDAOBase.m */; };
		4F9E7EFA1ACCEE50000252B6 /* iToast.m in Sources */ = {isa = PBXBuildFile; fileRef = 4F9E7E4A1ACCEE50000252B6 /* iToast.m */; settings = {COMPILER_FLAGS = "-fno-objc-arc"; }; };
		4F9E7EFB1ACCEE50000252B6 /* bitstream.c in Sources */ = {isa = PBXBuildFile; fileRef = 4F9E7E4C1ACCEE50000252B6 /* bitstream.c */; };
		4F9E7EFC1ACCEE50000252B6 /* mask.c in Sources */ = {isa = PBXBuildFile; fileRef = 4F9E7E4E1ACCEE50000252B6 /* mask.c */; };
		4F9E7EFD1ACCEE50000252B6 /* QRCodeGenerator.m in Sources */ = {isa = PBXBuildFile; fileRef = 4F9E7E511ACCEE50000252B6 /* QRCodeGenerator.m */; };
		4F9E7EFE1ACCEE50000252B6 /* qrencode.c in Sources */ = {isa = PBXBuildFile; fileRef = 4F9E7E521ACCEE50000252B6 /* qrencode.c */; };
		4F9E7EFF1ACCEE50000252B6 /* qrinput.c in Sources */ = {isa = PBXBuildFile; fileRef = 4F9E7E541ACCEE50000252B6 /* qrinput.c */; };
		4F9E7F001ACCEE50000252B6 /* qrspec.c in Sources */ = {isa = PBXBuildFile; fileRef = 4F9E7E561ACCEE50000252B6 /* qrspec.c */; };
		4F9E7F011ACCEE50000252B6 /* rscode.c in Sources */ = {isa = PBXBuildFile; fileRef = 4F9E7E581ACCEE50000252B6 /* rscode.c */; };
		4F9E7F021ACCEE50000252B6 /* split.c in Sources */ = {isa = PBXBuildFile; fileRef = 4F9E7E5A1ACCEE50000252B6 /* split.c */; };
		4F9E7F061ACCEE50000252B6 /* blueArrow.png in Resources */ = {isa = PBXBuildFile; fileRef = 4F9E7E641ACCEE50000252B6 /* blueArrow.png */; };
		4F9E7F071ACCEE50000252B6 /* blueArrow@2x.png in Resources */ = {isa = PBXBuildFile; fileRef = 4F9E7E651ACCEE50000252B6 /* blueArrow@2x.png */; };
		4F9E7F081ACCEE50000252B6 /* blueArrowDown.png in Resources */ = {isa = PBXBuildFile; fileRef = 4F9E7E661ACCEE50000252B6 /* blueArrowDown.png */; };
		4F9E7F091ACCEE50000252B6 /* blueArrowDown@2x.png in Resources */ = {isa = PBXBuildFile; fileRef = 4F9E7E671ACCEE50000252B6 /* blueArrowDown@2x.png */; };
		4F9E7F0A1ACCEE50000252B6 /* PullingRefreshTableView.m in Sources */ = {isa = PBXBuildFile; fileRef = 4F9E7E691ACCEE50000252B6 /* PullingRefreshTableView.m */; };
		4F9E7F0B1ACCEE50000252B6 /* readme.txt in Resources */ = {isa = PBXBuildFile; fileRef = 4F9E7E6B1ACCEE50000252B6 /* readme.txt */; };
		4F9E7F0C1ACCEE50000252B6 /* SDDataCache.m in Sources */ = {isa = PBXBuildFile; fileRef = 4F9E7E6D1ACCEE50000252B6 /* SDDataCache.m */; settings = {COMPILER_FLAGS = "-fno-objc-arc"; }; };
		4F9E7F0D1ACCEE50000252B6 /* SDImageView+SDWebCache.m in Sources */ = {isa = PBXBuildFile; fileRef = 4F9E7E6F1ACCEE50000252B6 /* SDImageView+SDWebCache.m */; settings = {COMPILER_FLAGS = "-fno-objc-arc"; }; };
		4F9E7F0E1ACCEE50000252B6 /* SDNetworkActivityIndicator.m in Sources */ = {isa = PBXBuildFile; fileRef = 4F9E7E711ACCEE50000252B6 /* SDNetworkActivityIndicator.m */; settings = {COMPILER_FLAGS = "-fno-objc-arc"; }; };
		4F9E7F0F1ACCEE50000252B6 /* SDWebDataDownloader.m in Sources */ = {isa = PBXBuildFile; fileRef = 4F9E7E731ACCEE50000252B6 /* SDWebDataDownloader.m */; settings = {COMPILER_FLAGS = "-fno-objc-arc"; }; };
		4F9E7F101ACCEE50000252B6 /* SDWebDataManager.m in Sources */ = {isa = PBXBuildFile; fileRef = 4F9E7E751ACCEE50000252B6 /* SDWebDataManager.m */; settings = {COMPILER_FLAGS = "-fno-objc-arc"; }; };
		4F9E7F111ACCEE50000252B6 /* ACViewDelegate.m in Sources */ = {isa = PBXBuildFile; fileRef = 4F9E7E791ACCEE50000252B6 /* ACViewDelegate.m */; };
		4F9E7F121ACCEE50000252B6 /* shareContentsToOtherApps.m in Sources */ = {isa = PBXBuildFile; fileRef = 4F9E7E7B1ACCEE50000252B6 /* shareContentsToOtherApps.m */; };
		4F9E7F131ACCEE50000252B6 /* CopyConnection.framework in Frameworks */ = {isa = PBXBuildFile; fileRef = 4F9E7E7F1ACCEE50000252B6 /* CopyConnection.framework */; };
		4F9E7F141ACCEE50000252B6 /* MailConnection.framework in Frameworks */ = {isa = PBXBuildFile; fileRef = 4F9E7E801ACCEE50000252B6 /* MailConnection.framework */; };
		4F9E7F151ACCEE50000252B6 /* QQConnection.framework in Frameworks */ = {isa = PBXBuildFile; fileRef = 4F9E7E811ACCEE50000252B6 /* QQConnection.framework */; };
		4F9E7F161ACCEE50000252B6 /* QZoneConnection.framework in Frameworks */ = {isa = PBXBuildFile; fileRef = 4F9E7E821ACCEE50000252B6 /* QZoneConnection.framework */; };
		4F9E7F171ACCEE50000252B6 /* SinaWeiboConnection.framework in Frameworks */ = {isa = PBXBuildFile; fileRef = 4F9E7E831ACCEE50000252B6 /* SinaWeiboConnection.framework */; };
		4F9E7F181ACCEE50000252B6 /* SMSConnection.framework in Frameworks */ = {isa = PBXBuildFile; fileRef = 4F9E7E841ACCEE50000252B6 /* SMSConnection.framework */; };
		4F9E7F191ACCEE50000252B6 /* WeChatConnection.framework in Frameworks */ = {isa = PBXBuildFile; fileRef = 4F9E7E851ACCEE50000252B6 /* WeChatConnection.framework */; };
		4F9E7F1A1ACCEE50000252B6 /* AGCommon.framework in Frameworks */ = {isa = PBXBuildFile; fileRef = 4F9E7E871ACCEE50000252B6 /* AGCommon.framework */; };
		4F9E7F1B1ACCEE50000252B6 /* ShareSDKLocalizable.strings in Resources */ = {isa = PBXBuildFile; fileRef = 4F9E7E881ACCEE50000252B6 /* ShareSDKLocalizable.strings */; };
		4F9E7F1C1ACCEE50000252B6 /* Resource.bundle in Resources */ = {isa = PBXBuildFile; fileRef = 4F9E7E8A1ACCEE50000252B6 /* Resource.bundle */; };
		4F9E7F1D1ACCEE50000252B6 /* ShareSDKCoreService.framework in Frameworks */ = {isa = PBXBuildFile; fileRef = 4F9E7E8B1ACCEE50000252B6 /* ShareSDKCoreService.framework */; };
		4F9E7F1E1ACCEE50000252B6 /* TencentOpenAPI.framework in Frameworks */ = {isa = PBXBuildFile; fileRef = 4F9E7E8F1ACCEE50000252B6 /* TencentOpenAPI.framework */; };
		4F9E7F1F1ACCEE51000252B6 /* TencentOpenApi_IOS_Bundle.bundle in Resources */ = {isa = PBXBuildFile; fileRef = 4F9E7E901ACCEE50000252B6 /* TencentOpenApi_IOS_Bundle.bundle */; };
		4F9E7F201ACCEE51000252B6 /* libSinaWeiboSDK.a in Frameworks */ = {isa = PBXBuildFile; fileRef = 4F9E7E921ACCEE50000252B6 /* libSinaWeiboSDK.a */; };
		4F9E7F211ACCEE51000252B6 /* WeiboSDK.bundle in Resources */ = {isa = PBXBuildFile; fileRef = 4F9E7E931ACCEE50000252B6 /* WeiboSDK.bundle */; };
		4F9E7F221ACCEE51000252B6 /* libWeChatSDK.a in Frameworks */ = {isa = PBXBuildFile; fileRef = 4F9E7E961ACCEE50000252B6 /* libWeChatSDK.a */; };
		4F9E7F231ACCEE51000252B6 /* ShareSDK.framework in Frameworks */ = {isa = PBXBuildFile; fileRef = 4F9E7E991ACCEE50000252B6 /* ShareSDK.framework */; };
		4F9E7F241ACCEE51000252B6 /* ShareSDKFlatShareViewUI.bundle in Resources */ = {isa = PBXBuildFile; fileRef = 4F9E7E9B1ACCEE50000252B6 /* ShareSDKFlatShareViewUI.bundle */; };
		4F9E7F251ACCEE51000252B6 /* ShareSDKFlatShareViewUI.framework in Frameworks */ = {isa = PBXBuildFile; fileRef = 4F9E7E9C1ACCEE50000252B6 /* ShareSDKFlatShareViewUI.framework */; };
		4F9E7F261ACCEE51000252B6 /* ShareSDKShareActionSheet.framework in Frameworks */ = {isa = PBXBuildFile; fileRef = 4F9E7E9D1ACCEE50000252B6 /* ShareSDKShareActionSheet.framework */; };
		4F9E7F271ACCEE51000252B6 /* ChangeData.m in Sources */ = {isa = PBXBuildFile; fileRef = 4F9E7EA11ACCEE50000252B6 /* ChangeData.m */; };
		4F9E7F281ACCEE51000252B6 /* commonAction.m in Sources */ = {isa = PBXBuildFile; fileRef = 4F9E7EA31ACCEE50000252B6 /* commonAction.m */; };
		4F9E7F291ACCEE51000252B6 /* CommonFile.m in Sources */ = {isa = PBXBuildFile; fileRef = 4F9E7EA51ACCEE50000252B6 /* CommonFile.m */; };
		4F9E7F2A1ACCEE51000252B6 /* commonJudgeMent.m in Sources */ = {isa = PBXBuildFile; fileRef = 4F9E7EA71ACCEE50000252B6 /* commonJudgeMent.m */; };
		4F9E7F2B1ACCEE51000252B6 /* CommonStr.m in Sources */ = {isa = PBXBuildFile; fileRef = 4F9E7EA91ACCEE50000252B6 /* CommonStr.m */; };
		4F9E7F2D1ACCEE51000252B6 /* WaitProgress.m in Sources */ = {isa = PBXBuildFile; fileRef = 4F9E7EB41ACCEE50000252B6 /* WaitProgress.m */; };
		4F9E7F2E1ACCEE51000252B6 /* libzbar.a in Frameworks */ = {isa = PBXBuildFile; fileRef = 4F9E7EB71ACCEE50000252B6 /* libzbar.a */; };
		4F9E7F2F1ACCEE51000252B6 /* zbar-back.png in Resources */ = {isa = PBXBuildFile; fileRef = 4F9E7ECF1ACCEE50000252B6 /* zbar-back.png */; };
		4F9E7F301ACCEE51000252B6 /* zbar-help.html in Resources */ = {isa = PBXBuildFile; fileRef = 4F9E7ED01ACCEE50000252B6 /* zbar-help.html */; };
		4F9E7F311ACCEE51000252B6 /* zbar-helpicons.png in Resources */ = {isa = PBXBuildFile; fileRef = 4F9E7ED11ACCEE50000252B6 /* zbar-helpicons.png */; };
		4F9E7F321ACCEE51000252B6 /* zbar-samples.png in Resources */ = {isa = PBXBuildFile; fileRef = 4F9E7ED21ACCEE50000252B6 /* zbar-samples.png */; };
		4F9E7F3B1ACD0863000252B6 /* RDVTabBar.m in Sources */ = {isa = PBXBuildFile; fileRef = 4F9E7F361ACD0863000252B6 /* RDVTabBar.m */; };
		4F9E7F3C1ACD0863000252B6 /* RDVTabBarController.m in Sources */ = {isa = PBXBuildFile; fileRef = 4F9E7F381ACD0863000252B6 /* RDVTabBarController.m */; };
		4F9E7F3D1ACD0863000252B6 /* RDVTabBarItem.m in Sources */ = {isa = PBXBuildFile; fileRef = 4F9E7F3A1ACD0863000252B6 /* RDVTabBarItem.m */; };
		4F9E7F401ACD0C3B000252B6 /* CFNetwork.framework in Frameworks */ = {isa = PBXBuildFile; fileRef = 4F9E7F3F1ACD0C3B000252B6 /* CFNetwork.framework */; };
		4F9E7F421ACD0D84000252B6 /* libsqlite3.0.dylib in Frameworks */ = {isa = PBXBuildFile; fileRef = 4F9E7F411ACD0D84000252B6 /* libsqlite3.0.dylib */; };
		4F9E7F441ACD0D99000252B6 /* UIKit.framework in Frameworks */ = {isa = PBXBuildFile; fileRef = 4F9E7F431ACD0D99000252B6 /* UIKit.framework */; };
		4F9E7F461ACD0DD0000252B6 /* CoreGraphics.framework in Frameworks */ = {isa = PBXBuildFile; fileRef = 4F9E7F451ACD0DD0000252B6 /* CoreGraphics.framework */; };
		4F9E7F481ACD0DDF000252B6 /* libsqlite3.dylib in Frameworks */ = {isa = PBXBuildFile; fileRef = 4F9E7F471ACD0DDF000252B6 /* libsqlite3.dylib */; };
		4F9E7F4A1ACD0DEE000252B6 /* QuartzCore.framework in Frameworks */ = {isa = PBXBuildFile; fileRef = 4F9E7F491ACD0DEE000252B6 /* QuartzCore.framework */; };
		4F9E7F4C1ACD0E36000252B6 /* AVFoundation.framework in Frameworks */ = {isa = PBXBuildFile; fileRef = 4F9E7F4B1ACD0E36000252B6 /* AVFoundation.framework */; };
		4F9E7F4E1ACD0F09000252B6 /* libiconv.dylib in Frameworks */ = {isa = PBXBuildFile; fileRef = 4F9E7F4D1ACD0F09000252B6 /* libiconv.dylib */; };
		4F9E7F501ACD0F23000252B6 /* SystemConfiguration.framework in Frameworks */ = {isa = PBXBuildFile; fileRef = 4F9E7F4F1ACD0F23000252B6 /* SystemConfiguration.framework */; };
		4F9E7F521ACD0F34000252B6 /* CoreData.framework in Frameworks */ = {isa = PBXBuildFile; fileRef = 4F9E7F511ACD0F34000252B6 /* CoreData.framework */; };
		4F9E7F541ACD0F46000252B6 /* libresolv.dylib in Frameworks */ = {isa = PBXBuildFile; fileRef = 4F9E7F531ACD0F46000252B6 /* libresolv.dylib */; };
		4F9E7F561ACD0F50000252B6 /* Security.framework in Frameworks */ = {isa = PBXBuildFile; fileRef = 4F9E7F551ACD0F50000252B6 /* Security.framework */; };
		4F9E7F581ACD0F62000252B6 /* libxml2.dylib in Frameworks */ = {isa = PBXBuildFile; fileRef = 4F9E7F571ACD0F62000252B6 /* libxml2.dylib */; };
		4F9E7F5A1ACD0F7A000252B6 /* libz.1.2.5.dylib in Frameworks */ = {isa = PBXBuildFile; fileRef = 4F9E7F591ACD0F7A000252B6 /* libz.1.2.5.dylib */; };
		4F9E7F5C1ACD0F87000252B6 /* libicucore.dylib in Frameworks */ = {isa = PBXBuildFile; fileRef = 4F9E7F5B1ACD0F87000252B6 /* libicucore.dylib */; };
		4F9E7F5E1ACD0F94000252B6 /* libstdc++.dylib in Frameworks */ = {isa = PBXBuildFile; fileRef = 4F9E7F5D1ACD0F94000252B6 /* libstdc++.dylib */; };
		4F9E7F601ACD0F9C000252B6 /* MessageUI.framework in Frameworks */ = {isa = PBXBuildFile; fileRef = 4F9E7F5F1ACD0F9C000252B6 /* MessageUI.framework */; };
		4F9E7F621ACD1074000252B6 /* CoreTelephony.framework in Frameworks */ = {isa = PBXBuildFile; fileRef = 4F9E7F611ACD1074000252B6 /* CoreTelephony.framework */; };
		4F9E7F661ACD1782000252B6 /* PullRefreshController.m in Sources */ = {isa = PBXBuildFile; fileRef = 4F9E7F651ACD1782000252B6 /* PullRefreshController.m */; };
		4F9E7F781ACD1B1C000252B6 /* MJRefresh.bundle in Resources */ = {isa = PBXBuildFile; fileRef = 4F9E7F681ACD1B1C000252B6 /* MJRefresh.bundle */; };
		4F9E7F7A1ACD1B1C000252B6 /* MJRefreshConst.m in Sources */ = {isa = PBXBuildFile; fileRef = 4F9E7F6D1ACD1B1C000252B6 /* MJRefreshConst.m */; };
		4F9E7F7B1ACD1B1C000252B6 /* MJRefreshFooterView.m in Sources */ = {isa = PBXBuildFile; fileRef = 4F9E7F6F1ACD1B1C000252B6 /* MJRefreshFooterView.m */; };
		4F9E7F7C1ACD1B1C000252B6 /* MJRefreshHeaderView.m in Sources */ = {isa = PBXBuildFile; fileRef = 4F9E7F711ACD1B1C000252B6 /* MJRefreshHeaderView.m */; };
		4F9E7F7D1ACD1B1C000252B6 /* UIScrollView+MJExtension.m in Sources */ = {isa = PBXBuildFile; fileRef = 4F9E7F731ACD1B1C000252B6 /* UIScrollView+MJExtension.m */; };
		4F9E7F7E1ACD1B1C000252B6 /* UIScrollView+MJRefresh.m in Sources */ = {isa = PBXBuildFile; fileRef = 4F9E7F751ACD1B1C000252B6 /* UIScrollView+MJRefresh.m */; };
		4F9E7F7F1ACD1B1C000252B6 /* UIView+MJExtension.m in Sources */ = {isa = PBXBuildFile; fileRef = 4F9E7F771ACD1B1C000252B6 /* UIView+MJExtension.m */; };
		4F9E7F821ACD1BEB000252B6 /* MJTableViewController.m in Sources */ = {isa = PBXBuildFile; fileRef = 4F9E7F811ACD1BEB000252B6 /* MJTableViewController.m */; };
		4F9E7F841ACD227A000252B6 /* MJRefreshBaseView.m in Sources */ = {isa = PBXBuildFile; fileRef = 4F9E7F6B1ACD1B1C000252B6 /* MJRefreshBaseView.m */; };
/* End PBXBuildFile section */

/* Begin PBXContainerItemProxy section */
		4F9E7E041ACCEDCF000252B6 /* PBXContainerItemProxy */ = {
			isa = PBXContainerItemProxy;
			containerPortal = 4F9E7DE21ACCEDCE000252B6 /* Project object */;
			proxyType = 1;
			remoteGlobalIDString = 4F9E7DE91ACCEDCF000252B6;
			remoteInfo = commonProject;
		};
/* End PBXContainerItemProxy section */

/* Begin PBXFileReference section */
		4F0085A31ACE2114000E055F /* PullRefreshCell.h */ = {isa = PBXFileReference; fileEncoding = 4; lastKnownFileType = sourcecode.c.h; path = PullRefreshCell.h; sourceTree = "<group>"; };
		4F0085A41ACE2114000E055F /* PullRefreshCell.m */ = {isa = PBXFileReference; fileEncoding = 4; lastKnownFileType = sourcecode.c.objc; path = PullRefreshCell.m; sourceTree = "<group>"; };
		4F0085A61ACE3EB3000E055F /* PullRefreshController1.h */ = {isa = PBXFileReference; fileEncoding = 4; lastKnownFileType = sourcecode.c.h; path = PullRefreshController1.h; sourceTree = "<group>"; };
		4F0085A71ACE3EB3000E055F /* PullRefreshController1.m */ = {isa = PBXFileReference; fileEncoding = 4; lastKnownFileType = sourcecode.c.objc; path = PullRefreshController1.m; sourceTree = "<group>"; };
		4F0085AA1ACE6CA5000E055F /* JkHealthy.h */ = {isa = PBXFileReference; fileEncoding = 4; lastKnownFileType = sourcecode.c.h; path = JkHealthy.h; sourceTree = "<group>"; };
		4F0085AB1ACE6CA5000E055F /* JkHealthy.m */ = {isa = PBXFileReference; fileEncoding = 4; lastKnownFileType = sourcecode.c.objc; path = JkHealthy.m; sourceTree = "<group>"; };
		4F0B927A1ADB4A75008C637F /* UITextField+UITextFeildCatagory.h */ = {isa = PBXFileReference; fileEncoding = 4; lastKnownFileType = sourcecode.c.h; path = "UITextField+UITextFeildCatagory.h"; sourceTree = "<group>"; };
		4F0B927B1ADB4A75008C637F /* UITextField+UITextFeildCatagory.m */ = {isa = PBXFileReference; fileEncoding = 4; lastKnownFileType = sourcecode.c.objc; path = "UITextField+UITextFeildCatagory.m"; sourceTree = "<group>"; };
		4F0B927D1ADB4AF4008C637F /* UIView+UIViewCategory.h */ = {isa = PBXFileReference; fileEncoding = 4; lastKnownFileType = sourcecode.c.h; path = "UIView+UIViewCategory.h"; sourceTree = "<group>"; };
		4F0B927E1ADB4AF4008C637F /* UIView+UIViewCategory.m */ = {isa = PBXFileReference; fileEncoding = 4; lastKnownFileType = sourcecode.c.objc; path = "UIView+UIViewCategory.m"; sourceTree = "<group>"; };
		4F0B92801ADB4C3F008C637F /* ViewEvent.h */ = {isa = PBXFileReference; fileEncoding = 4; lastKnownFileType = sourcecode.c.h; path = ViewEvent.h; sourceTree = "<group>"; };
		4F0B92811ADB4C3F008C637F /* ViewEvent.m */ = {isa = PBXFileReference; fileEncoding = 4; lastKnownFileType = sourcecode.c.objc; path = ViewEvent.m; sourceTree = "<group>"; };
		4F0B92831ADB524B008C637F /* EasyLayout.h */ = {isa = PBXFileReference; fileEncoding = 4; lastKnownFileType = sourcecode.c.h; path = EasyLayout.h; sourceTree = "<group>"; };
		4F0B92841ADB524B008C637F /* EasyLayout.m */ = {isa = PBXFileReference; fileEncoding = 4; lastKnownFileType = sourcecode.c.objc; path = EasyLayout.m; sourceTree = "<group>"; };
		4F0B92861ADB58D1008C637F /* shareTest.h */ = {isa = PBXFileReference; fileEncoding = 4; lastKnownFileType = sourcecode.c.h; path = shareTest.h; sourceTree = "<group>"; };
		4F0B92871ADB58D1008C637F /* shareTest.m */ = {isa = PBXFileReference; fileEncoding = 4; lastKnownFileType = sourcecode.c.objc; path = shareTest.m; sourceTree = "<group>"; };
		4F0B92891ADB6262008C637F /* TAlertView.h */ = {isa = PBXFileReference; fileEncoding = 4; lastKnownFileType = sourcecode.c.h; path = TAlertView.h; sourceTree = "<group>"; };
		4F0B928A1ADB6262008C637F /* TAlertView.m */ = {isa = PBXFileReference; fileEncoding = 4; lastKnownFileType = sourcecode.c.objc; path = TAlertView.m; sourceTree = "<group>"; };
		4F0B928D1ADB62BF008C637F /* LoadNotyBorder.h */ = {isa = PBXFileReference; fileEncoding = 4; lastKnownFileType = sourcecode.c.h; path = LoadNotyBorder.h; sourceTree = "<group>"; };
		4F0B928E1ADB62BF008C637F /* LoadNotyBorder.m */ = {isa = PBXFileReference; fileEncoding = 4; lastKnownFileType = sourcecode.c.objc; path = LoadNotyBorder.m; sourceTree = "<group>"; };
		4F0B92901ADB886D008C637F /* AlertNotify.h */ = {isa = PBXFileReference; fileEncoding = 4; lastKnownFileType = sourcecode.c.h; path = AlertNotify.h; sourceTree = "<group>"; };
		4F0B92911ADB886D008C637F /* AlertNotify.m */ = {isa = PBXFileReference; fileEncoding = 4; lastKnownFileType = sourcecode.c.objc; path = AlertNotify.m; sourceTree = "<group>"; };
		4F0B92931ADB9891008C637F /* DejalActivityView.h */ = {isa = PBXFileReference; fileEncoding = 4; lastKnownFileType = sourcecode.c.h; path = DejalActivityView.h; sourceTree = "<group>"; };
		4F0B92941ADB9891008C637F /* DejalActivityView.m */ = {isa = PBXFileReference; fileEncoding = 4; lastKnownFileType = sourcecode.c.objc; path = DejalActivityView.m; sourceTree = "<group>"; };
		4F115B151AD5140F009EF702 /* BaseViewController.h */ = {isa = PBXFileReference; fileEncoding = 4; lastKnownFileType = sourcecode.c.h; path = BaseViewController.h; sourceTree = "<group>"; };
		4F115B161AD5140F009EF702 /* BaseViewController.m */ = {isa = PBXFileReference; fileEncoding = 4; lastKnownFileType = sourcecode.c.objc; path = BaseViewController.m; sourceTree = "<group>"; };
		4F115B181AD51F22009EF702 /* UitableFeildViewController.h */ = {isa = PBXFileReference; fileEncoding = 4; lastKnownFileType = sourcecode.c.h; path = UitableFeildViewController.h; sourceTree = "<group>"; };
		4F115B191AD51F22009EF702 /* UitableFeildViewController.m */ = {isa = PBXFileReference; fileEncoding = 4; lastKnownFileType = sourcecode.c.objc; path = UitableFeildViewController.m; sourceTree = "<group>"; };
		4F115B1C1AD52FD4009EF702 /* UITextView+UITextViewCategory.h */ = {isa = PBXFileReference; fileEncoding = 4; lastKnownFileType = sourcecode.c.h; path = "UITextView+UITextViewCategory.h"; sourceTree = "<group>"; };
		4F115B1D1AD52FD4009EF702 /* UITextView+UITextViewCategory.m */ = {isa = PBXFileReference; fileEncoding = 4; lastKnownFileType = sourcecode.c.objc; path = "UITextView+UITextViewCategory.m"; sourceTree = "<group>"; };
		4F115B221AD60965009EF702 /* NetWorkOpration.h */ = {isa = PBXFileReference; fileEncoding = 4; lastKnownFileType = sourcecode.c.h; path = NetWorkOpration.h; sourceTree = "<group>"; };
		4F115B231AD60965009EF702 /* NetWorkOpration.m */ = {isa = PBXFileReference; fileEncoding = 4; lastKnownFileType = sourcecode.c.objc; path = NetWorkOpration.m; sourceTree = "<group>"; };
		4F9E7DEA1ACCEDCF000252B6 /* commonProject.app */ = {isa = PBXFileReference; explicitFileType = wrapper.application; includeInIndex = 0; path = commonProject.app; sourceTree = BUILT_PRODUCTS_DIR; };
		4F9E7DEE1ACCEDCF000252B6 /* Info.plist */ = {isa = PBXFileReference; lastKnownFileType = text.plist.xml; path = Info.plist; sourceTree = "<group>"; };
		4F9E7DEF1ACCEDCF000252B6 /* main.m */ = {isa = PBXFileReference; lastKnownFileType = sourcecode.c.objc; path = main.m; sourceTree = "<group>"; };
		4F9E7DF11ACCEDCF000252B6 /* AppDelegate.h */ = {isa = PBXFileReference; lastKnownFileType = sourcecode.c.h; path = AppDelegate.h; sourceTree = "<group>"; };
		4F9E7DF21ACCEDCF000252B6 /* AppDelegate.m */ = {isa = PBXFileReference; lastKnownFileType = sourcecode.c.objc; path = AppDelegate.m; sourceTree = "<group>"; };
		4F9E7DF41ACCEDCF000252B6 /* ViewController.h */ = {isa = PBXFileReference; lastKnownFileType = sourcecode.c.h; path = ViewController.h; sourceTree = "<group>"; };
		4F9E7DF51ACCEDCF000252B6 /* ViewController.m */ = {isa = PBXFileReference; lastKnownFileType = sourcecode.c.objc; path = ViewController.m; sourceTree = "<group>"; };
		4F9E7DF81ACCEDCF000252B6 /* Base */ = {isa = PBXFileReference; lastKnownFileType = file.storyboard; name = Base; path = Base.lproj/Main.storyboard; sourceTree = "<group>"; };
		4F9E7DFA1ACCEDCF000252B6 /* Images.xcassets */ = {isa = PBXFileReference; lastKnownFileType = folder.assetcatalog; path = Images.xcassets; sourceTree = "<group>"; };
		4F9E7DFD1ACCEDCF000252B6 /* Base */ = {isa = PBXFileReference; lastKnownFileType = file.xib; name = Base; path = Base.lproj/LaunchScreen.xib; sourceTree = "<group>"; };
		4F9E7E031ACCEDCF000252B6 /* commonProjectTests.xctest */ = {isa = PBXFileReference; explicitFileType = wrapper.cfbundle; includeInIndex = 0; path = commonProjectTests.xctest; sourceTree = BUILT_PRODUCTS_DIR; };
		4F9E7E081ACCEDCF000252B6 /* Info.plist */ = {isa = PBXFileReference; lastKnownFileType = text.plist.xml; path = Info.plist; sourceTree = "<group>"; };
		4F9E7E091ACCEDCF000252B6 /* commonProjectTests.m */ = {isa = PBXFileReference; lastKnownFileType = sourcecode.c.objc; path = commonProjectTests.m; sourceTree = "<group>"; };
		4F9E7E151ACCEE50000252B6 /* APScrollView.h */ = {isa = PBXFileReference; fileEncoding = 4; lastKnownFileType = sourcecode.c.h; path = APScrollView.h; sourceTree = "<group>"; };
		4F9E7E161ACCEE50000252B6 /* APScrollView.m */ = {isa = PBXFileReference; fileEncoding = 4; lastKnownFileType = sourcecode.c.objc; path = APScrollView.m; sourceTree = "<group>"; };
		4F9E7E391ACCEE50000252B6 /* FMDatabase.h */ = {isa = PBXFileReference; fileEncoding = 4; lastKnownFileType = sourcecode.c.h; path = FMDatabase.h; sourceTree = "<group>"; };
		4F9E7E3A1ACCEE50000252B6 /* FMDatabase.m */ = {isa = PBXFileReference; fileEncoding = 4; lastKnownFileType = sourcecode.c.objc; path = FMDatabase.m; sourceTree = "<group>"; };
		4F9E7E3B1ACCEE50000252B6 /* FMDatabaseAdditions.h */ = {isa = PBXFileReference; fileEncoding = 4; lastKnownFileType = sourcecode.c.h; path = FMDatabaseAdditions.h; sourceTree = "<group>"; };
		4F9E7E3C1ACCEE50000252B6 /* FMDatabaseAdditions.m */ = {isa = PBXFileReference; fileEncoding = 4; lastKnownFileType = sourcecode.c.objc; path = FMDatabaseAdditions.m; sourceTree = "<group>"; };
		4F9E7E3D1ACCEE50000252B6 /* FMDatabasePool.h */ = {isa = PBXFileReference; fileEncoding = 4; lastKnownFileType = sourcecode.c.h; path = FMDatabasePool.h; sourceTree = "<group>"; };
		4F9E7E3E1ACCEE50000252B6 /* FMDatabasePool.m */ = {isa = PBXFileReference; fileEncoding = 4; lastKnownFileType = sourcecode.c.objc; path = FMDatabasePool.m; sourceTree = "<group>"; };
		4F9E7E3F1ACCEE50000252B6 /* FMDatabaseQueue.h */ = {isa = PBXFileReference; fileEncoding = 4; lastKnownFileType = sourcecode.c.h; path = FMDatabaseQueue.h; sourceTree = "<group>"; };
		4F9E7E401ACCEE50000252B6 /* FMDatabaseQueue.m */ = {isa = PBXFileReference; fileEncoding = 4; lastKnownFileType = sourcecode.c.objc; path = FMDatabaseQueue.m; sourceTree = "<group>"; };
		4F9E7E411ACCEE50000252B6 /* FMDB.h */ = {isa = PBXFileReference; fileEncoding = 4; lastKnownFileType = sourcecode.c.h; path = FMDB.h; sourceTree = "<group>"; };
		4F9E7E421ACCEE50000252B6 /* FMResultSet.h */ = {isa = PBXFileReference; fileEncoding = 4; lastKnownFileType = sourcecode.c.h; path = FMResultSet.h; sourceTree = "<group>"; };
		4F9E7E431ACCEE50000252B6 /* FMResultSet.m */ = {isa = PBXFileReference; fileEncoding = 4; lastKnownFileType = sourcecode.c.objc; path = FMResultSet.m; sourceTree = "<group>"; };
		4F9E7E441ACCEE50000252B6 /* JsonToModel.h */ = {isa = PBXFileReference; fileEncoding = 4; lastKnownFileType = sourcecode.c.h; path = JsonToModel.h; sourceTree = "<group>"; };
		4F9E7E451ACCEE50000252B6 /* JsonToModel.m */ = {isa = PBXFileReference; fileEncoding = 4; lastKnownFileType = sourcecode.c.objc; path = JsonToModel.m; sourceTree = "<group>"; };
		4F9E7E461ACCEE50000252B6 /* ZUOYLDAOBase.h */ = {isa = PBXFileReference; fileEncoding = 4; lastKnownFileType = sourcecode.c.h; path = ZUOYLDAOBase.h; sourceTree = "<group>"; };
		4F9E7E471ACCEE50000252B6 /* ZUOYLDAOBase.m */ = {isa = PBXFileReference; fileEncoding = 4; lastKnownFileType = sourcecode.c.objc; path = ZUOYLDAOBase.m; sourceTree = "<group>"; };
		4F9E7E491ACCEE50000252B6 /* iToast.h */ = {isa = PBXFileReference; fileEncoding = 4; lastKnownFileType = sourcecode.c.h; path = iToast.h; sourceTree = "<group>"; };
		4F9E7E4A1ACCEE50000252B6 /* iToast.m */ = {isa = PBXFileReference; fileEncoding = 4; lastKnownFileType = sourcecode.c.objc; path = iToast.m; sourceTree = "<group>"; };
		4F9E7E4C1ACCEE50000252B6 /* bitstream.c */ = {isa = PBXFileReference; fileEncoding = 4; lastKnownFileType = sourcecode.c.c; path = bitstream.c; sourceTree = "<group>"; };
		4F9E7E4D1ACCEE50000252B6 /* bitstream.h */ = {isa = PBXFileReference; fileEncoding = 4; lastKnownFileType = sourcecode.c.h; path = bitstream.h; sourceTree = "<group>"; };
		4F9E7E4E1ACCEE50000252B6 /* mask.c */ = {isa = PBXFileReference; fileEncoding = 4; lastKnownFileType = sourcecode.c.c; path = mask.c; sourceTree = "<group>"; };
		4F9E7E4F1ACCEE50000252B6 /* mask.h */ = {isa = PBXFileReference; fileEncoding = 4; lastKnownFileType = sourcecode.c.h; path = mask.h; sourceTree = "<group>"; };
		4F9E7E501ACCEE50000252B6 /* QRCodeGenerator.h */ = {isa = PBXFileReference; fileEncoding = 4; lastKnownFileType = sourcecode.c.h; path = QRCodeGenerator.h; sourceTree = "<group>"; };
		4F9E7E511ACCEE50000252B6 /* QRCodeGenerator.m */ = {isa = PBXFileReference; fileEncoding = 4; lastKnownFileType = sourcecode.c.objc; path = QRCodeGenerator.m; sourceTree = "<group>"; };
		4F9E7E521ACCEE50000252B6 /* qrencode.c */ = {isa = PBXFileReference; fileEncoding = 4; lastKnownFileType = sourcecode.c.c; path = qrencode.c; sourceTree = "<group>"; };
		4F9E7E531ACCEE50000252B6 /* qrencode.h */ = {isa = PBXFileReference; fileEncoding = 4; lastKnownFileType = sourcecode.c.h; path = qrencode.h; sourceTree = "<group>"; };
		4F9E7E541ACCEE50000252B6 /* qrinput.c */ = {isa = PBXFileReference; fileEncoding = 4; lastKnownFileType = sourcecode.c.c; path = qrinput.c; sourceTree = "<group>"; };
		4F9E7E551ACCEE50000252B6 /* qrinput.h */ = {isa = PBXFileReference; fileEncoding = 4; lastKnownFileType = sourcecode.c.h; path = qrinput.h; sourceTree = "<group>"; };
		4F9E7E561ACCEE50000252B6 /* qrspec.c */ = {isa = PBXFileReference; fileEncoding = 4; lastKnownFileType = sourcecode.c.c; path = qrspec.c; sourceTree = "<group>"; };
		4F9E7E571ACCEE50000252B6 /* qrspec.h */ = {isa = PBXFileReference; fileEncoding = 4; lastKnownFileType = sourcecode.c.h; path = qrspec.h; sourceTree = "<group>"; };
		4F9E7E581ACCEE50000252B6 /* rscode.c */ = {isa = PBXFileReference; fileEncoding = 4; lastKnownFileType = sourcecode.c.c; path = rscode.c; sourceTree = "<group>"; };
		4F9E7E591ACCEE50000252B6 /* rscode.h */ = {isa = PBXFileReference; fileEncoding = 4; lastKnownFileType = sourcecode.c.h; path = rscode.h; sourceTree = "<group>"; };
		4F9E7E5A1ACCEE50000252B6 /* split.c */ = {isa = PBXFileReference; fileEncoding = 4; lastKnownFileType = sourcecode.c.c; path = split.c; sourceTree = "<group>"; };
		4F9E7E5B1ACCEE50000252B6 /* split.h */ = {isa = PBXFileReference; fileEncoding = 4; lastKnownFileType = sourcecode.c.h; path = split.h; sourceTree = "<group>"; };
		4F9E7E641ACCEE50000252B6 /* blueArrow.png */ = {isa = PBXFileReference; lastKnownFileType = image.png; path = blueArrow.png; sourceTree = "<group>"; };
		4F9E7E651ACCEE50000252B6 /* blueArrow@2x.png */ = {isa = PBXFileReference; lastKnownFileType = image.png; path = "blueArrow@2x.png"; sourceTree = "<group>"; };
		4F9E7E661ACCEE50000252B6 /* blueArrowDown.png */ = {isa = PBXFileReference; lastKnownFileType = image.png; path = blueArrowDown.png; sourceTree = "<group>"; };
		4F9E7E671ACCEE50000252B6 /* blueArrowDown@2x.png */ = {isa = PBXFileReference; lastKnownFileType = image.png; path = "blueArrowDown@2x.png"; sourceTree = "<group>"; };
		4F9E7E681ACCEE50000252B6 /* PullingRefreshTableView.h */ = {isa = PBXFileReference; fileEncoding = 4; lastKnownFileType = sourcecode.c.h; path = PullingRefreshTableView.h; sourceTree = "<group>"; };
		4F9E7E691ACCEE50000252B6 /* PullingRefreshTableView.m */ = {isa = PBXFileReference; fileEncoding = 4; lastKnownFileType = sourcecode.c.objc; path = PullingRefreshTableView.m; sourceTree = "<group>"; };
		4F9E7E6B1ACCEE50000252B6 /* readme.txt */ = {isa = PBXFileReference; fileEncoding = 4; lastKnownFileType = text; path = readme.txt; sourceTree = "<group>"; };
		4F9E7E6C1ACCEE50000252B6 /* SDDataCache.h */ = {isa = PBXFileReference; fileEncoding = 4; lastKnownFileType = sourcecode.c.h; path = SDDataCache.h; sourceTree = "<group>"; };
		4F9E7E6D1ACCEE50000252B6 /* SDDataCache.m */ = {isa = PBXFileReference; fileEncoding = 4; lastKnownFileType = sourcecode.c.objc; path = SDDataCache.m; sourceTree = "<group>"; };
		4F9E7E6E1ACCEE50000252B6 /* SDImageView+SDWebCache.h */ = {isa = PBXFileReference; fileEncoding = 4; lastKnownFileType = sourcecode.c.h; path = "SDImageView+SDWebCache.h"; sourceTree = "<group>"; };
		4F9E7E6F1ACCEE50000252B6 /* SDImageView+SDWebCache.m */ = {isa = PBXFileReference; fileEncoding = 4; lastKnownFileType = sourcecode.c.objc; path = "SDImageView+SDWebCache.m"; sourceTree = "<group>"; };
		4F9E7E701ACCEE50000252B6 /* SDNetworkActivityIndicator.h */ = {isa = PBXFileReference; fileEncoding = 4; lastKnownFileType = sourcecode.c.h; path = SDNetworkActivityIndicator.h; sourceTree = "<group>"; };
		4F9E7E711ACCEE50000252B6 /* SDNetworkActivityIndicator.m */ = {isa = PBXFileReference; fileEncoding = 4; lastKnownFileType = sourcecode.c.objc; path = SDNetworkActivityIndicator.m; sourceTree = "<group>"; };
		4F9E7E721ACCEE50000252B6 /* SDWebDataDownloader.h */ = {isa = PBXFileReference; fileEncoding = 4; lastKnownFileType = sourcecode.c.h; path = SDWebDataDownloader.h; sourceTree = "<group>"; };
		4F9E7E731ACCEE50000252B6 /* SDWebDataDownloader.m */ = {isa = PBXFileReference; fileEncoding = 4; lastKnownFileType = sourcecode.c.objc; path = SDWebDataDownloader.m; sourceTree = "<group>"; };
		4F9E7E741ACCEE50000252B6 /* SDWebDataManager.h */ = {isa = PBXFileReference; fileEncoding = 4; lastKnownFileType = sourcecode.c.h; path = SDWebDataManager.h; sourceTree = "<group>"; };
		4F9E7E751ACCEE50000252B6 /* SDWebDataManager.m */ = {isa = PBXFileReference; fileEncoding = 4; lastKnownFileType = sourcecode.c.objc; path = SDWebDataManager.m; sourceTree = "<group>"; };
		4F9E7E761ACCEE50000252B6 /* SDWebImageCompatibly.h */ = {isa = PBXFileReference; fileEncoding = 4; lastKnownFileType = sourcecode.c.h; path = SDWebImageCompatibly.h; sourceTree = "<group>"; };
		4F9E7E781ACCEE50000252B6 /* ACViewDelegate.h */ = {isa = PBXFileReference; fileEncoding = 4; lastKnownFileType = sourcecode.c.h; path = ACViewDelegate.h; sourceTree = "<group>"; };
		4F9E7E791ACCEE50000252B6 /* ACViewDelegate.m */ = {isa = PBXFileReference; fileEncoding = 4; lastKnownFileType = sourcecode.c.objc; path = ACViewDelegate.m; sourceTree = "<group>"; };
		4F9E7E7A1ACCEE50000252B6 /* shareContentsToOtherApps.h */ = {isa = PBXFileReference; fileEncoding = 4; lastKnownFileType = sourcecode.c.h; path = shareContentsToOtherApps.h; sourceTree = "<group>"; };
		4F9E7E7B1ACCEE50000252B6 /* shareContentsToOtherApps.m */ = {isa = PBXFileReference; fileEncoding = 4; lastKnownFileType = sourcecode.c.objc; path = shareContentsToOtherApps.m; sourceTree = "<group>"; };
		4F9E7E7F1ACCEE50000252B6 /* CopyConnection.framework */ = {isa = PBXFileReference; lastKnownFileType = wrapper.framework; path = CopyConnection.framework; sourceTree = "<group>"; };
		4F9E7E801ACCEE50000252B6 /* MailConnection.framework */ = {isa = PBXFileReference; lastKnownFileType = wrapper.framework; path = MailConnection.framework; sourceTree = "<group>"; };
		4F9E7E811ACCEE50000252B6 /* QQConnection.framework */ = {isa = PBXFileReference; lastKnownFileType = wrapper.framework; path = QQConnection.framework; sourceTree = "<group>"; };
		4F9E7E821ACCEE50000252B6 /* QZoneConnection.framework */ = {isa = PBXFileReference; lastKnownFileType = wrapper.framework; path = QZoneConnection.framework; sourceTree = "<group>"; };
		4F9E7E831ACCEE50000252B6 /* SinaWeiboConnection.framework */ = {isa = PBXFileReference; lastKnownFileType = wrapper.framework; path = SinaWeiboConnection.framework; sourceTree = "<group>"; };
		4F9E7E841ACCEE50000252B6 /* SMSConnection.framework */ = {isa = PBXFileReference; lastKnownFileType = wrapper.framework; path = SMSConnection.framework; sourceTree = "<group>"; };
		4F9E7E851ACCEE50000252B6 /* WeChatConnection.framework */ = {isa = PBXFileReference; lastKnownFileType = wrapper.framework; path = WeChatConnection.framework; sourceTree = "<group>"; };
		4F9E7E871ACCEE50000252B6 /* AGCommon.framework */ = {isa = PBXFileReference; lastKnownFileType = wrapper.framework; path = AGCommon.framework; sourceTree = "<group>"; };
		4F9E7E891ACCEE50000252B6 /* en */ = {isa = PBXFileReference; lastKnownFileType = text.plist.strings; name = en; path = en.lproj/ShareSDKLocalizable.strings; sourceTree = "<group>"; };
		4F9E7E8A1ACCEE50000252B6 /* Resource.bundle */ = {isa = PBXFileReference; lastKnownFileType = "wrapper.plug-in"; path = Resource.bundle; sourceTree = "<group>"; };
		4F9E7E8B1ACCEE50000252B6 /* ShareSDKCoreService.framework */ = {isa = PBXFileReference; lastKnownFileType = wrapper.framework; path = ShareSDKCoreService.framework; sourceTree = "<group>"; };
		4F9E7E8C1ACCEE50000252B6 /* zh-Hans */ = {isa = PBXFileReference; lastKnownFileType = text.plist.strings; name = "zh-Hans"; path = "zh-Hans.lproj/ShareSDKLocalizable.strings"; sourceTree = "<group>"; };
		4F9E7E8F1ACCEE50000252B6 /* TencentOpenAPI.framework */ = {isa = PBXFileReference; lastKnownFileType = wrapper.framework; path = TencentOpenAPI.framework; sourceTree = "<group>"; };
		4F9E7E901ACCEE50000252B6 /* TencentOpenApi_IOS_Bundle.bundle */ = {isa = PBXFileReference; lastKnownFileType = "wrapper.plug-in"; path = TencentOpenApi_IOS_Bundle.bundle; sourceTree = "<group>"; };
		4F9E7E921ACCEE50000252B6 /* libSinaWeiboSDK.a */ = {isa = PBXFileReference; lastKnownFileType = archive.ar; path = libSinaWeiboSDK.a; sourceTree = "<group>"; };
		4F9E7E931ACCEE50000252B6 /* WeiboSDK.bundle */ = {isa = PBXFileReference; lastKnownFileType = "wrapper.plug-in"; path = WeiboSDK.bundle; sourceTree = "<group>"; };
		4F9E7E941ACCEE50000252B6 /* WeiboSDK.h */ = {isa = PBXFileReference; fileEncoding = 4; lastKnownFileType = sourcecode.c.h; path = WeiboSDK.h; sourceTree = "<group>"; };
		4F9E7E961ACCEE50000252B6 /* libWeChatSDK.a */ = {isa = PBXFileReference; lastKnownFileType = archive.ar; path = libWeChatSDK.a; sourceTree = "<group>"; };
		4F9E7E971ACCEE50000252B6 /* WXApi.h */ = {isa = PBXFileReference; fileEncoding = 4; lastKnownFileType = sourcecode.c.h; path = WXApi.h; sourceTree = "<group>"; };
		4F9E7E981ACCEE50000252B6 /* WXApiObject.h */ = {isa = PBXFileReference; fileEncoding = 4; lastKnownFileType = sourcecode.c.h; path = WXApiObject.h; sourceTree = "<group>"; };
		4F9E7E991ACCEE50000252B6 /* ShareSDK.framework */ = {isa = PBXFileReference; lastKnownFileType = wrapper.framework; path = ShareSDK.framework; sourceTree = "<group>"; };
		4F9E7E9B1ACCEE50000252B6 /* ShareSDKFlatShareViewUI.bundle */ = {isa = PBXFileReference; lastKnownFileType = "wrapper.plug-in"; path = ShareSDKFlatShareViewUI.bundle; sourceTree = "<group>"; };
		4F9E7E9C1ACCEE50000252B6 /* ShareSDKFlatShareViewUI.framework */ = {isa = PBXFileReference; lastKnownFileType = wrapper.framework; path = ShareSDKFlatShareViewUI.framework; sourceTree = "<group>"; };
		4F9E7E9D1ACCEE50000252B6 /* ShareSDKShareActionSheet.framework */ = {isa = PBXFileReference; lastKnownFileType = wrapper.framework; path = ShareSDKShareActionSheet.framework; sourceTree = "<group>"; };
		4F9E7EA01ACCEE50000252B6 /* ChangeData.h */ = {isa = PBXFileReference; fileEncoding = 4; lastKnownFileType = sourcecode.c.h; path = ChangeData.h; sourceTree = "<group>"; };
		4F9E7EA11ACCEE50000252B6 /* ChangeData.m */ = {isa = PBXFileReference; fileEncoding = 4; lastKnownFileType = sourcecode.c.objc; path = ChangeData.m; sourceTree = "<group>"; };
		4F9E7EA21ACCEE50000252B6 /* commonAction.h */ = {isa = PBXFileReference; fileEncoding = 4; lastKnownFileType = sourcecode.c.h; path = commonAction.h; sourceTree = "<group>"; };
		4F9E7EA31ACCEE50000252B6 /* commonAction.m */ = {isa = PBXFileReference; fileEncoding = 4; lastKnownFileType = sourcecode.c.objc; path = commonAction.m; sourceTree = "<group>"; };
		4F9E7EA41ACCEE50000252B6 /* CommonFile.h */ = {isa = PBXFileReference; fileEncoding = 4; lastKnownFileType = sourcecode.c.h; path = CommonFile.h; sourceTree = "<group>"; };
		4F9E7EA51ACCEE50000252B6 /* CommonFile.m */ = {isa = PBXFileReference; fileEncoding = 4; lastKnownFileType = sourcecode.c.objc; path = CommonFile.m; sourceTree = "<group>"; };
		4F9E7EA61ACCEE50000252B6 /* commonJudgeMent.h */ = {isa = PBXFileReference; fileEncoding = 4; lastKnownFileType = sourcecode.c.h; path = commonJudgeMent.h; sourceTree = "<group>"; };
		4F9E7EA71ACCEE50000252B6 /* commonJudgeMent.m */ = {isa = PBXFileReference; fileEncoding = 4; lastKnownFileType = sourcecode.c.objc; path = commonJudgeMent.m; sourceTree = "<group>"; };
		4F9E7EA81ACCEE50000252B6 /* CommonStr.h */ = {isa = PBXFileReference; fileEncoding = 4; lastKnownFileType = sourcecode.c.h; path = CommonStr.h; sourceTree = "<group>"; };
		4F9E7EA91ACCEE50000252B6 /* CommonStr.m */ = {isa = PBXFileReference; fileEncoding = 4; lastKnownFileType = sourcecode.c.objc; path = CommonStr.m; sourceTree = "<group>"; };
		4F9E7EAD1ACCEE50000252B6 /* URLNameSpace.h */ = {isa = PBXFileReference; fileEncoding = 4; lastKnownFileType = sourcecode.c.h; name = URLNameSpace.h; path = namespace/URLNameSpace.h; sourceTree = "<group>"; };
		4F9E7EAF1ACCEE50000252B6 /* ScreenConfig.h */ = {isa = PBXFileReference; fileEncoding = 4; lastKnownFileType = sourcecode.c.h; path = ScreenConfig.h; sourceTree = "<group>"; };
		4F9E7EB01ACCEE50000252B6 /* Strings.h */ = {isa = PBXFileReference; fileEncoding = 4; lastKnownFileType = sourcecode.c.h; path = Strings.h; sourceTree = "<group>"; };
		4F9E7EB31ACCEE50000252B6 /* WaitProgress.h */ = {isa = PBXFileReference; fileEncoding = 4; lastKnownFileType = sourcecode.c.h; path = WaitProgress.h; sourceTree = "<group>"; };
		4F9E7EB41ACCEE50000252B6 /* WaitProgress.m */ = {isa = PBXFileReference; fileEncoding = 4; lastKnownFileType = sourcecode.c.objc; path = WaitProgress.m; sourceTree = "<group>"; };
		4F9E7EB71ACCEE50000252B6 /* libzbar.a */ = {isa = PBXFileReference; lastKnownFileType = archive.ar; path = libzbar.a; sourceTree = "<group>"; };
		4F9E7EBA1ACCEE50000252B6 /* Decoder.h */ = {isa = PBXFileReference; fileEncoding = 4; lastKnownFileType = sourcecode.c.h; path = Decoder.h; sourceTree = "<group>"; };
		4F9E7EBB1ACCEE50000252B6 /* Exception.h */ = {isa = PBXFileReference; fileEncoding = 4; lastKnownFileType = sourcecode.c.h; path = Exception.h; sourceTree = "<group>"; };
		4F9E7EBC1ACCEE50000252B6 /* Image.h */ = {isa = PBXFileReference; fileEncoding = 4; lastKnownFileType = sourcecode.c.h; path = Image.h; sourceTree = "<group>"; };
		4F9E7EBD1ACCEE50000252B6 /* ImageScanner.h */ = {isa = PBXFileReference; fileEncoding = 4; lastKnownFileType = sourcecode.c.h; path = ImageScanner.h; sourceTree = "<group>"; };
		4F9E7EBE1ACCEE50000252B6 /* Processor.h */ = {isa = PBXFileReference; fileEncoding = 4; lastKnownFileType = sourcecode.c.h; path = Processor.h; sourceTree = "<group>"; };
		4F9E7EBF1ACCEE50000252B6 /* Scanner.h */ = {isa = PBXFileReference; fileEncoding = 4; lastKnownFileType = sourcecode.c.h; path = Scanner.h; sourceTree = "<group>"; };
		4F9E7EC01ACCEE50000252B6 /* Symbol.h */ = {isa = PBXFileReference; fileEncoding = 4; lastKnownFileType = sourcecode.c.h; path = Symbol.h; sourceTree = "<group>"; };
		4F9E7EC11ACCEE50000252B6 /* Video.h */ = {isa = PBXFileReference; fileEncoding = 4; lastKnownFileType = sourcecode.c.h; path = Video.h; sourceTree = "<group>"; };
		4F9E7EC21ACCEE50000252B6 /* Window.h */ = {isa = PBXFileReference; fileEncoding = 4; lastKnownFileType = sourcecode.c.h; path = Window.h; sourceTree = "<group>"; };
		4F9E7EC31ACCEE50000252B6 /* zbar.h */ = {isa = PBXFileReference; fileEncoding = 4; lastKnownFileType = sourcecode.c.h; path = zbar.h; sourceTree = "<group>"; };
		4F9E7EC41ACCEE50000252B6 /* ZBarCameraSimulator.h */ = {isa = PBXFileReference; fileEncoding = 4; lastKnownFileType = sourcecode.c.h; path = ZBarCameraSimulator.h; sourceTree = "<group>"; };
		4F9E7EC51ACCEE50000252B6 /* ZBarCaptureReader.h */ = {isa = PBXFileReference; fileEncoding = 4; lastKnownFileType = sourcecode.c.h; path = ZBarCaptureReader.h; sourceTree = "<group>"; };
		4F9E7EC61ACCEE50000252B6 /* ZBarHelpController.h */ = {isa = PBXFileReference; fileEncoding = 4; lastKnownFileType = sourcecode.c.h; path = ZBarHelpController.h; sourceTree = "<group>"; };
		4F9E7EC71ACCEE50000252B6 /* ZBarImage.h */ = {isa = PBXFileReference; fileEncoding = 4; lastKnownFileType = sourcecode.c.h; path = ZBarImage.h; sourceTree = "<group>"; };
		4F9E7EC81ACCEE50000252B6 /* ZBarImageScanner.h */ = {isa = PBXFileReference; fileEncoding = 4; lastKnownFileType = sourcecode.c.h; path = ZBarImageScanner.h; sourceTree = "<group>"; };
		4F9E7EC91ACCEE50000252B6 /* ZBarReaderController.h */ = {isa = PBXFileReference; fileEncoding = 4; lastKnownFileType = sourcecode.c.h; path = ZBarReaderController.h; sourceTree = "<group>"; };
		4F9E7ECA1ACCEE50000252B6 /* ZBarReaderView.h */ = {isa = PBXFileReference; fileEncoding = 4; lastKnownFileType = sourcecode.c.h; path = ZBarReaderView.h; sourceTree = "<group>"; };
		4F9E7ECB1ACCEE50000252B6 /* ZBarReaderViewController.h */ = {isa = PBXFileReference; fileEncoding = 4; lastKnownFileType = sourcecode.c.h; path = ZBarReaderViewController.h; sourceTree = "<group>"; };
		4F9E7ECC1ACCEE50000252B6 /* ZBarSDK.h */ = {isa = PBXFileReference; fileEncoding = 4; lastKnownFileType = sourcecode.c.h; path = ZBarSDK.h; sourceTree = "<group>"; };
		4F9E7ECD1ACCEE50000252B6 /* ZBarSymbol.h */ = {isa = PBXFileReference; fileEncoding = 4; lastKnownFileType = sourcecode.c.h; path = ZBarSymbol.h; sourceTree = "<group>"; };
		4F9E7ECF1ACCEE50000252B6 /* zbar-back.png */ = {isa = PBXFileReference; lastKnownFileType = image.png; path = "zbar-back.png"; sourceTree = "<group>"; };
		4F9E7ED01ACCEE50000252B6 /* zbar-help.html */ = {isa = PBXFileReference; fileEncoding = 4; lastKnownFileType = text.html; path = "zbar-help.html"; sourceTree = "<group>"; };
		4F9E7ED11ACCEE50000252B6 /* zbar-helpicons.png */ = {isa = PBXFileReference; lastKnownFileType = image.png; path = "zbar-helpicons.png"; sourceTree = "<group>"; };
		4F9E7ED21ACCEE50000252B6 /* zbar-samples.png */ = {isa = PBXFileReference; lastKnownFileType = image.png; path = "zbar-samples.png"; sourceTree = "<group>"; };
		4F9E7F331ACCF5D9000252B6 /* commonProject-Prefix.pch */ = {isa = PBXFileReference; lastKnownFileType = sourcecode.c.h; path = "commonProject-Prefix.pch"; sourceTree = "<group>"; };
		4F9E7F351ACD0863000252B6 /* RDVTabBar.h */ = {isa = PBXFileReference; fileEncoding = 4; lastKnownFileType = sourcecode.c.h; path = RDVTabBar.h; sourceTree = "<group>"; };
		4F9E7F361ACD0863000252B6 /* RDVTabBar.m */ = {isa = PBXFileReference; fileEncoding = 4; lastKnownFileType = sourcecode.c.objc; path = RDVTabBar.m; sourceTree = "<group>"; };
		4F9E7F371ACD0863000252B6 /* RDVTabBarController.h */ = {isa = PBXFileReference; fileEncoding = 4; lastKnownFileType = sourcecode.c.h; path = RDVTabBarController.h; sourceTree = "<group>"; };
		4F9E7F381ACD0863000252B6 /* RDVTabBarController.m */ = {isa = PBXFileReference; fileEncoding = 4; lastKnownFileType = sourcecode.c.objc; path = RDVTabBarController.m; sourceTree = "<group>"; };
		4F9E7F391ACD0863000252B6 /* RDVTabBarItem.h */ = {isa = PBXFileReference; fileEncoding = 4; lastKnownFileType = sourcecode.c.h; path = RDVTabBarItem.h; sourceTree = "<group>"; };
		4F9E7F3A1ACD0863000252B6 /* RDVTabBarItem.m */ = {isa = PBXFileReference; fileEncoding = 4; lastKnownFileType = sourcecode.c.objc; path = RDVTabBarItem.m; sourceTree = "<group>"; };
		4F9E7F3E1ACD0B00000252B6 /* Color.h */ = {isa = PBXFileReference; lastKnownFileType = sourcecode.c.h; path = Color.h; sourceTree = "<group>"; };
		4F9E7F3F1ACD0C3B000252B6 /* CFNetwork.framework */ = {isa = PBXFileReference; lastKnownFileType = wrapper.framework; name = CFNetwork.framework; path = System/Library/Frameworks/CFNetwork.framework; sourceTree = SDKROOT; };
		4F9E7F411ACD0D84000252B6 /* libsqlite3.0.dylib */ = {isa = PBXFileReference; lastKnownFileType = "compiled.mach-o.dylib"; name = libsqlite3.0.dylib; path = usr/lib/libsqlite3.0.dylib; sourceTree = SDKROOT; };
		4F9E7F431ACD0D99000252B6 /* UIKit.framework */ = {isa = PBXFileReference; lastKnownFileType = wrapper.framework; name = UIKit.framework; path = System/Library/Frameworks/UIKit.framework; sourceTree = SDKROOT; };
		4F9E7F451ACD0DD0000252B6 /* CoreGraphics.framework */ = {isa = PBXFileReference; lastKnownFileType = wrapper.framework; name = CoreGraphics.framework; path = System/Library/Frameworks/CoreGraphics.framework; sourceTree = SDKROOT; };
		4F9E7F471ACD0DDF000252B6 /* libsqlite3.dylib */ = {isa = PBXFileReference; lastKnownFileType = "compiled.mach-o.dylib"; name = libsqlite3.dylib; path = usr/lib/libsqlite3.dylib; sourceTree = SDKROOT; };
		4F9E7F491ACD0DEE000252B6 /* QuartzCore.framework */ = {isa = PBXFileReference; lastKnownFileType = wrapper.framework; name = QuartzCore.framework; path = System/Library/Frameworks/QuartzCore.framework; sourceTree = SDKROOT; };
		4F9E7F4B1ACD0E36000252B6 /* AVFoundation.framework */ = {isa = PBXFileReference; lastKnownFileType = wrapper.framework; name = AVFoundation.framework; path = System/Library/Frameworks/AVFoundation.framework; sourceTree = SDKROOT; };
		4F9E7F4D1ACD0F09000252B6 /* libiconv.dylib */ = {isa = PBXFileReference; lastKnownFileType = "compiled.mach-o.dylib"; name = libiconv.dylib; path = usr/lib/libiconv.dylib; sourceTree = SDKROOT; };
		4F9E7F4F1ACD0F23000252B6 /* SystemConfiguration.framework */ = {isa = PBXFileReference; lastKnownFileType = wrapper.framework; name = SystemConfiguration.framework; path = System/Library/Frameworks/SystemConfiguration.framework; sourceTree = SDKROOT; };
		4F9E7F511ACD0F34000252B6 /* CoreData.framework */ = {isa = PBXFileReference; lastKnownFileType = wrapper.framework; name = CoreData.framework; path = System/Library/Frameworks/CoreData.framework; sourceTree = SDKROOT; };
		4F9E7F531ACD0F46000252B6 /* libresolv.dylib */ = {isa = PBXFileReference; lastKnownFileType = "compiled.mach-o.dylib"; name = libresolv.dylib; path = usr/lib/libresolv.dylib; sourceTree = SDKROOT; };
		4F9E7F551ACD0F50000252B6 /* Security.framework */ = {isa = PBXFileReference; lastKnownFileType = wrapper.framework; name = Security.framework; path = System/Library/Frameworks/Security.framework; sourceTree = SDKROOT; };
		4F9E7F571ACD0F62000252B6 /* libxml2.dylib */ = {isa = PBXFileReference; lastKnownFileType = "compiled.mach-o.dylib"; name = libxml2.dylib; path = usr/lib/libxml2.dylib; sourceTree = SDKROOT; };
		4F9E7F591ACD0F7A000252B6 /* libz.1.2.5.dylib */ = {isa = PBXFileReference; lastKnownFileType = "compiled.mach-o.dylib"; name = libz.1.2.5.dylib; path = usr/lib/libz.1.2.5.dylib; sourceTree = SDKROOT; };
		4F9E7F5B1ACD0F87000252B6 /* libicucore.dylib */ = {isa = PBXFileReference; lastKnownFileType = "compiled.mach-o.dylib"; name = libicucore.dylib; path = usr/lib/libicucore.dylib; sourceTree = SDKROOT; };
		4F9E7F5D1ACD0F94000252B6 /* libstdc++.dylib */ = {isa = PBXFileReference; lastKnownFileType = "compiled.mach-o.dylib"; name = "libstdc++.dylib"; path = "usr/lib/libstdc++.dylib"; sourceTree = SDKROOT; };
		4F9E7F5F1ACD0F9C000252B6 /* MessageUI.framework */ = {isa = PBXFileReference; lastKnownFileType = wrapper.framework; name = MessageUI.framework; path = System/Library/Frameworks/MessageUI.framework; sourceTree = SDKROOT; };
		4F9E7F611ACD1074000252B6 /* CoreTelephony.framework */ = {isa = PBXFileReference; lastKnownFileType = wrapper.framework; name = CoreTelephony.framework; path = System/Library/Frameworks/CoreTelephony.framework; sourceTree = SDKROOT; };
		4F9E7F641ACD1782000252B6 /* PullRefreshController.h */ = {isa = PBXFileReference; fileEncoding = 4; lastKnownFileType = sourcecode.c.h; path = PullRefreshController.h; sourceTree = "<group>"; };
		4F9E7F651ACD1782000252B6 /* PullRefreshController.m */ = {isa = PBXFileReference; fileEncoding = 4; lastKnownFileType = sourcecode.c.objc; path = PullRefreshController.m; sourceTree = "<group>"; };
		4F9E7F681ACD1B1C000252B6 /* MJRefresh.bundle */ = {isa = PBXFileReference; lastKnownFileType = "wrapper.plug-in"; path = MJRefresh.bundle; sourceTree = "<group>"; };
		4F9E7F691ACD1B1C000252B6 /* MJRefresh.h */ = {isa = PBXFileReference; fileEncoding = 4; lastKnownFileType = sourcecode.c.h; path = MJRefresh.h; sourceTree = "<group>"; };
		4F9E7F6A1ACD1B1C000252B6 /* MJRefreshBaseView.h */ = {isa = PBXFileReference; fileEncoding = 4; lastKnownFileType = sourcecode.c.h; path = MJRefreshBaseView.h; sourceTree = "<group>"; };
		4F9E7F6B1ACD1B1C000252B6 /* MJRefreshBaseView.m */ = {isa = PBXFileReference; fileEncoding = 4; lastKnownFileType = sourcecode.c.objc; path = MJRefreshBaseView.m; sourceTree = "<group>"; };
		4F9E7F6C1ACD1B1C000252B6 /* MJRefreshConst.h */ = {isa = PBXFileReference; fileEncoding = 4; lastKnownFileType = sourcecode.c.h; path = MJRefreshConst.h; sourceTree = "<group>"; };
		4F9E7F6D1ACD1B1C000252B6 /* MJRefreshConst.m */ = {isa = PBXFileReference; fileEncoding = 4; lastKnownFileType = sourcecode.c.objc; path = MJRefreshConst.m; sourceTree = "<group>"; };
		4F9E7F6E1ACD1B1C000252B6 /* MJRefreshFooterView.h */ = {isa = PBXFileReference; fileEncoding = 4; lastKnownFileType = sourcecode.c.h; path = MJRefreshFooterView.h; sourceTree = "<group>"; };
		4F9E7F6F1ACD1B1C000252B6 /* MJRefreshFooterView.m */ = {isa = PBXFileReference; fileEncoding = 4; lastKnownFileType = sourcecode.c.objc; path = MJRefreshFooterView.m; sourceTree = "<group>"; };
		4F9E7F701ACD1B1C000252B6 /* MJRefreshHeaderView.h */ = {isa = PBXFileReference; fileEncoding = 4; lastKnownFileType = sourcecode.c.h; path = MJRefreshHeaderView.h; sourceTree = "<group>"; };
		4F9E7F711ACD1B1C000252B6 /* MJRefreshHeaderView.m */ = {isa = PBXFileReference; fileEncoding = 4; lastKnownFileType = sourcecode.c.objc; path = MJRefreshHeaderView.m; sourceTree = "<group>"; };
		4F9E7F721ACD1B1C000252B6 /* UIScrollView+MJExtension.h */ = {isa = PBXFileReference; fileEncoding = 4; lastKnownFileType = sourcecode.c.h; path = "UIScrollView+MJExtension.h"; sourceTree = "<group>"; };
		4F9E7F731ACD1B1C000252B6 /* UIScrollView+MJExtension.m */ = {isa = PBXFileReference; fileEncoding = 4; lastKnownFileType = sourcecode.c.objc; path = "UIScrollView+MJExtension.m"; sourceTree = "<group>"; };
		4F9E7F741ACD1B1C000252B6 /* UIScrollView+MJRefresh.h */ = {isa = PBXFileReference; fileEncoding = 4; lastKnownFileType = sourcecode.c.h; path = "UIScrollView+MJRefresh.h"; sourceTree = "<group>"; };
		4F9E7F751ACD1B1C000252B6 /* UIScrollView+MJRefresh.m */ = {isa = PBXFileReference; fileEncoding = 4; lastKnownFileType = sourcecode.c.objc; path = "UIScrollView+MJRefresh.m"; sourceTree = "<group>"; };
		4F9E7F761ACD1B1C000252B6 /* UIView+MJExtension.h */ = {isa = PBXFileReference; fileEncoding = 4; lastKnownFileType = sourcecode.c.h; path = "UIView+MJExtension.h"; sourceTree = "<group>"; };
		4F9E7F771ACD1B1C000252B6 /* UIView+MJExtension.m */ = {isa = PBXFileReference; fileEncoding = 4; lastKnownFileType = sourcecode.c.objc; path = "UIView+MJExtension.m"; sourceTree = "<group>"; };
		4F9E7F801ACD1BEB000252B6 /* MJTableViewController.h */ = {isa = PBXFileReference; fileEncoding = 4; lastKnownFileType = sourcecode.c.h; path = MJTableViewController.h; sourceTree = "<group>"; };
		4F9E7F811ACD1BEB000252B6 /* MJTableViewController.m */ = {isa = PBXFileReference; fileEncoding = 4; lastKnownFileType = sourcecode.c.objc; path = MJTableViewController.m; sourceTree = "<group>"; };
/* End PBXFileReference section */

/* Begin PBXFrameworksBuildPhase section */
		4F9E7DE71ACCEDCF000252B6 /* Frameworks */ = {
			isa = PBXFrameworksBuildPhase;
			buildActionMask = 2147483647;
			files = (
				4F9E7F621ACD1074000252B6 /* CoreTelephony.framework in Frameworks */,
				4F9E7F601ACD0F9C000252B6 /* MessageUI.framework in Frameworks */,
				4F9E7F5E1ACD0F94000252B6 /* libstdc++.dylib in Frameworks */,
				4F9E7F5C1ACD0F87000252B6 /* libicucore.dylib in Frameworks */,
				4F9E7F5A1ACD0F7A000252B6 /* libz.1.2.5.dylib in Frameworks */,
				4F9E7F581ACD0F62000252B6 /* libxml2.dylib in Frameworks */,
				4F9E7F561ACD0F50000252B6 /* Security.framework in Frameworks */,
				4F9E7F541ACD0F46000252B6 /* libresolv.dylib in Frameworks */,
				4F9E7F521ACD0F34000252B6 /* CoreData.framework in Frameworks */,
				4F9E7F501ACD0F23000252B6 /* SystemConfiguration.framework in Frameworks */,
				4F9E7F4E1ACD0F09000252B6 /* libiconv.dylib in Frameworks */,
				4F9E7F441ACD0D99000252B6 /* UIKit.framework in Frameworks */,
				4F9E7F4C1ACD0E36000252B6 /* AVFoundation.framework in Frameworks */,
				4F9E7F4A1ACD0DEE000252B6 /* QuartzCore.framework in Frameworks */,
				4F9E7F481ACD0DDF000252B6 /* libsqlite3.dylib in Frameworks */,
				4F9E7F461ACD0DD0000252B6 /* CoreGraphics.framework in Frameworks */,
				4F9E7F421ACD0D84000252B6 /* libsqlite3.0.dylib in Frameworks */,
				4F9E7F401ACD0C3B000252B6 /* CFNetwork.framework in Frameworks */,
				4F9E7F181ACCEE50000252B6 /* SMSConnection.framework in Frameworks */,
				4F9E7F131ACCEE50000252B6 /* CopyConnection.framework in Frameworks */,
				4F9E7F221ACCEE51000252B6 /* libWeChatSDK.a in Frameworks */,
				4F9E7F151ACCEE50000252B6 /* QQConnection.framework in Frameworks */,
				4F9E7F191ACCEE50000252B6 /* WeChatConnection.framework in Frameworks */,
				4F9E7F251ACCEE51000252B6 /* ShareSDKFlatShareViewUI.framework in Frameworks */,
				4F9E7F261ACCEE51000252B6 /* ShareSDKShareActionSheet.framework in Frameworks */,
				4F9E7F201ACCEE51000252B6 /* libSinaWeiboSDK.a in Frameworks */,
				4F9E7F231ACCEE51000252B6 /* ShareSDK.framework in Frameworks */,
				4F9E7F161ACCEE50000252B6 /* QZoneConnection.framework in Frameworks */,
				4F9E7F1E1ACCEE50000252B6 /* TencentOpenAPI.framework in Frameworks */,
				4F9E7F171ACCEE50000252B6 /* SinaWeiboConnection.framework in Frameworks */,
				4F9E7F141ACCEE50000252B6 /* MailConnection.framework in Frameworks */,
				4F9E7F1D1ACCEE50000252B6 /* ShareSDKCoreService.framework in Frameworks */,
				4F9E7F2E1ACCEE51000252B6 /* libzbar.a in Frameworks */,
				4F9E7F1A1ACCEE50000252B6 /* AGCommon.framework in Frameworks */,
			);
			runOnlyForDeploymentPostprocessing = 0;
		};
		4F9E7E001ACCEDCF000252B6 /* Frameworks */ = {
			isa = PBXFrameworksBuildPhase;
			buildActionMask = 2147483647;
			files = (
			);
			runOnlyForDeploymentPostprocessing = 0;
		};
/* End PBXFrameworksBuildPhase section */

/* Begin PBXGroup section */
		4F0085A91ACE6C47000E055F /* entity */ = {
			isa = PBXGroup;
			children = (
				4F0085AA1ACE6CA5000E055F /* JkHealthy.h */,
				4F0085AB1ACE6CA5000E055F /* JkHealthy.m */,
			);
			path = entity;
			sourceTree = "<group>";
		};
		4F115B141AD5140E009EF702 /* views */ = {
			isa = PBXGroup;
			children = (
				4F115B151AD5140F009EF702 /* BaseViewController.h */,
				4F115B161AD5140F009EF702 /* BaseViewController.m */,
				4F0B92801ADB4C3F008C637F /* ViewEvent.h */,
				4F0B92811ADB4C3F008C637F /* ViewEvent.m */,
			);
			path = views;
			sourceTree = "<group>";
		};
		4F115B1B1AD52E90009EF702 /* categroy */ = {
			isa = PBXGroup;
			children = (
				4F115B1C1AD52FD4009EF702 /* UITextView+UITextViewCategory.h */,
				4F115B1D1AD52FD4009EF702 /* UITextView+UITextViewCategory.m */,
				4F0B927A1ADB4A75008C637F /* UITextField+UITextFeildCatagory.h */,
				4F0B927B1ADB4A75008C637F /* UITextField+UITextFeildCatagory.m */,
				4F0B927D1ADB4AF4008C637F /* UIView+UIViewCategory.h */,
				4F0B927E1ADB4AF4008C637F /* UIView+UIViewCategory.m */,
			);
			path = categroy;
			sourceTree = "<group>";
		};
		4F9E7DE11ACCEDCE000252B6 = {
			isa = PBXGroup;
			children = (
				4F9E7F631ACD1122000252B6 /* Frameworks */,
				4F9E7DEC1ACCEDCF000252B6 /* commonProject */,
				4F9E7E061ACCEDCF000252B6 /* commonProjectTests */,
				4F9E7DEB1ACCEDCF000252B6 /* Products */,
			);
			sourceTree = "<group>";
		};
		4F9E7DEB1ACCEDCF000252B6 /* Products */ = {
			isa = PBXGroup;
			children = (
				4F9E7DEA1ACCEDCF000252B6 /* commonProject.app */,
				4F9E7E031ACCEDCF000252B6 /* commonProjectTests.xctest */,
			);
			name = Products;
			sourceTree = "<group>";
		};
		4F9E7DEC1ACCEDCF000252B6 /* commonProject */ = {
			isa = PBXGroup;
			children = (
				4F0B92861ADB58D1008C637F /* shareTest.h */,
				4F0B928D1ADB62BF008C637F /* LoadNotyBorder.h */,
				4F0B928E1ADB62BF008C637F /* LoadNotyBorder.m */,
				4F0B92871ADB58D1008C637F /* shareTest.m */,
				4F0B92831ADB524B008C637F /* EasyLayout.h */,
				4F0B92841ADB524B008C637F /* EasyLayout.m */,
				4F115B181AD51F22009EF702 /* UitableFeildViewController.h */,
				4F115B191AD51F22009EF702 /* UitableFeildViewController.m */,
				4F0085A61ACE3EB3000E055F /* PullRefreshController1.h */,
				4F0085A71ACE3EB3000E055F /* PullRefreshController1.m */,
				4F0085A31ACE2114000E055F /* PullRefreshCell.h */,
				4F0085A41ACE2114000E055F /* PullRefreshCell.m */,
				4F9E7F641ACD1782000252B6 /* PullRefreshController.h */,
				4F9E7F651ACD1782000252B6 /* PullRefreshController.m */,
				4F9E7DF11ACCEDCF000252B6 /* AppDelegate.h */,
				4F9E7DF21ACCEDCF000252B6 /* AppDelegate.m */,
				4F9E7DF41ACCEDCF000252B6 /* ViewController.h */,
				4F9E7DF51ACCEDCF000252B6 /* ViewController.m */,
				4F9E7DF71ACCEDCF000252B6 /* Main.storyboard */,
				4F9E7DFA1ACCEDCF000252B6 /* Images.xcassets */,
				4F9E7DFC1ACCEDCF000252B6 /* LaunchScreen.xib */,
				4F9E7DED1ACCEDCF000252B6 /* Supporting Files */,
			);
			path = commonProject;
			sourceTree = "<group>";
		};
		4F9E7DED1ACCEDCF000252B6 /* Supporting Files */ = {
			isa = PBXGroup;
			children = (
				4F9E7E131ACCEE50000252B6 /* tools */,
				4F9E7DEE1ACCEDCF000252B6 /* Info.plist */,
				4F9E7DEF1ACCEDCF000252B6 /* main.m */,
			);
			name = "Supporting Files";
			sourceTree = "<group>";
		};
		4F9E7E061ACCEDCF000252B6 /* commonProjectTests */ = {
			isa = PBXGroup;
			children = (
				4F9E7E091ACCEDCF000252B6 /* commonProjectTests.m */,
				4F9E7E071ACCEDCF000252B6 /* Supporting Files */,
			);
			path = commonProjectTests;
			sourceTree = "<group>";
		};
		4F9E7E071ACCEDCF000252B6 /* Supporting Files */ = {
			isa = PBXGroup;
			children = (
				4F9E7F331ACCF5D9000252B6 /* commonProject-Prefix.pch */,
				4F9E7E081ACCEDCF000252B6 /* Info.plist */,
			);
			name = "Supporting Files";
			sourceTree = "<group>";
		};
		4F9E7E131ACCEE50000252B6 /* tools */ = {
			isa = PBXGroup;
			children = (
				4F115B1B1AD52E90009EF702 /* categroy */,
				4F115B141AD5140E009EF702 /* views */,
				4F0085A91ACE6C47000E055F /* entity */,
				4F9E7F671ACD1AD0000252B6 /* pullRefreshView */,
				4F9E7EAB1ACCEE50000252B6 /* values */,
				4F9E7F341ACD0863000252B6 /* RDVTabBarController */,
				4F9E7E381ACCEE50000252B6 /* fmdb */,
				4F9E7E141ACCEE50000252B6 /* apscrollView */,
				4F9E7E481ACCEE50000252B6 /* itost */,
				4F9E7E4B1ACCEE50000252B6 /* libqrencode */,
				4F9E7E631ACCEE50000252B6 /* pull */,
				4F9E7E6A1ACCEE50000252B6 /* sdwebimage */,
				4F9E7E771ACCEE50000252B6 /* share */,
				4F9E7E9E1ACCEE50000252B6 /* commontools */,
				4F9E7EB21ACCEE50000252B6 /* waitProgress */,
				4F9E7EB51ACCEE50000252B6 /* ZBarSDK */,
			);
			path = tools;
			sourceTree = "<group>";
		};
		4F9E7E141ACCEE50000252B6 /* apscrollView */ = {
			isa = PBXGroup;
			children = (
				4F9E7E151ACCEE50000252B6 /* APScrollView.h */,
				4F9E7E161ACCEE50000252B6 /* APScrollView.m */,
			);
			path = apscrollView;
			sourceTree = "<group>";
		};
		4F9E7E381ACCEE50000252B6 /* fmdb */ = {
			isa = PBXGroup;
			children = (
				4F9E7E391ACCEE50000252B6 /* FMDatabase.h */,
				4F9E7E3A1ACCEE50000252B6 /* FMDatabase.m */,
				4F9E7E3B1ACCEE50000252B6 /* FMDatabaseAdditions.h */,
				4F9E7E3C1ACCEE50000252B6 /* FMDatabaseAdditions.m */,
				4F9E7E3D1ACCEE50000252B6 /* FMDatabasePool.h */,
				4F9E7E3E1ACCEE50000252B6 /* FMDatabasePool.m */,
				4F9E7E3F1ACCEE50000252B6 /* FMDatabaseQueue.h */,
				4F9E7E401ACCEE50000252B6 /* FMDatabaseQueue.m */,
				4F9E7E411ACCEE50000252B6 /* FMDB.h */,
				4F9E7E421ACCEE50000252B6 /* FMResultSet.h */,
				4F9E7E431ACCEE50000252B6 /* FMResultSet.m */,
				4F9E7E441ACCEE50000252B6 /* JsonToModel.h */,
				4F9E7E451ACCEE50000252B6 /* JsonToModel.m */,
				4F9E7E461ACCEE50000252B6 /* ZUOYLDAOBase.h */,
				4F9E7E471ACCEE50000252B6 /* ZUOYLDAOBase.m */,
			);
			name = fmdb;
			path = db/fmdb;
			sourceTree = "<group>";
		};
		4F9E7E481ACCEE50000252B6 /* itost */ = {
			isa = PBXGroup;
			children = (
				4F0B92931ADB9891008C637F /* DejalActivityView.h */,
				4F0B92941ADB9891008C637F /* DejalActivityView.m */,
				4F0B92891ADB6262008C637F /* TAlertView.h */,
				4F0B928A1ADB6262008C637F /* TAlertView.m */,
				4F9E7E491ACCEE50000252B6 /* iToast.h */,
				4F9E7E4A1ACCEE50000252B6 /* iToast.m */,
				4F0B92901ADB886D008C637F /* AlertNotify.h */,
				4F0B92911ADB886D008C637F /* AlertNotify.m */,
			);
			path = itost;
			sourceTree = "<group>";
		};
		4F9E7E4B1ACCEE50000252B6 /* libqrencode */ = {
			isa = PBXGroup;
			children = (
				4F9E7E4C1ACCEE50000252B6 /* bitstream.c */,
				4F9E7E4D1ACCEE50000252B6 /* bitstream.h */,
				4F9E7E4E1ACCEE50000252B6 /* mask.c */,
				4F9E7E4F1ACCEE50000252B6 /* mask.h */,
				4F9E7E501ACCEE50000252B6 /* QRCodeGenerator.h */,
				4F9E7E511ACCEE50000252B6 /* QRCodeGenerator.m */,
				4F9E7E521ACCEE50000252B6 /* qrencode.c */,
				4F9E7E531ACCEE50000252B6 /* qrencode.h */,
				4F9E7E541ACCEE50000252B6 /* qrinput.c */,
				4F9E7E551ACCEE50000252B6 /* qrinput.h */,
				4F9E7E561ACCEE50000252B6 /* qrspec.c */,
				4F9E7E571ACCEE50000252B6 /* qrspec.h */,
				4F9E7E581ACCEE50000252B6 /* rscode.c */,
				4F9E7E591ACCEE50000252B6 /* rscode.h */,
				4F9E7E5A1ACCEE50000252B6 /* split.c */,
				4F9E7E5B1ACCEE50000252B6 /* split.h */,
			);
			path = libqrencode;
			sourceTree = "<group>";
		};
		4F9E7E631ACCEE50000252B6 /* pull */ = {
			isa = PBXGroup;
			children = (
				4F9E7E641ACCEE50000252B6 /* blueArrow.png */,
				4F9E7E651ACCEE50000252B6 /* blueArrow@2x.png */,
				4F9E7E661ACCEE50000252B6 /* blueArrowDown.png */,
				4F9E7E671ACCEE50000252B6 /* blueArrowDown@2x.png */,
				4F9E7E681ACCEE50000252B6 /* PullingRefreshTableView.h */,
				4F9E7E691ACCEE50000252B6 /* PullingRefreshTableView.m */,
			);
			path = pull;
			sourceTree = "<group>";
		};
		4F9E7E6A1ACCEE50000252B6 /* sdwebimage */ = {
			isa = PBXGroup;
			children = (
				4F9E7E6B1ACCEE50000252B6 /* readme.txt */,
				4F9E7E6C1ACCEE50000252B6 /* SDDataCache.h */,
				4F9E7E6D1ACCEE50000252B6 /* SDDataCache.m */,
				4F9E7E6E1ACCEE50000252B6 /* SDImageView+SDWebCache.h */,
				4F9E7E6F1ACCEE50000252B6 /* SDImageView+SDWebCache.m */,
				4F9E7E701ACCEE50000252B6 /* SDNetworkActivityIndicator.h */,
				4F9E7E711ACCEE50000252B6 /* SDNetworkActivityIndicator.m */,
				4F9E7E721ACCEE50000252B6 /* SDWebDataDownloader.h */,
				4F9E7E731ACCEE50000252B6 /* SDWebDataDownloader.m */,
				4F9E7E741ACCEE50000252B6 /* SDWebDataManager.h */,
				4F9E7E751ACCEE50000252B6 /* SDWebDataManager.m */,
				4F9E7E761ACCEE50000252B6 /* SDWebImageCompatibly.h */,
			);
			path = sdwebimage;
			sourceTree = "<group>";
		};
		4F9E7E771ACCEE50000252B6 /* share */ = {
			isa = PBXGroup;
			children = (
				4F9E7E781ACCEE50000252B6 /* ACViewDelegate.h */,
				4F9E7E791ACCEE50000252B6 /* ACViewDelegate.m */,
				4F9E7E7A1ACCEE50000252B6 /* shareContentsToOtherApps.h */,
				4F9E7E7B1ACCEE50000252B6 /* shareContentsToOtherApps.m */,
				4F9E7E7C1ACCEE50000252B6 /* ShareSDK-iOS-v2.10.2 */,
			);
			path = share;
			sourceTree = "<group>";
		};
		4F9E7E7C1ACCEE50000252B6 /* ShareSDK-iOS-v2.10.2 */ = {
			isa = PBXGroup;
			children = (
				4F9E7E7D1ACCEE50000252B6 /* ShareSDK */,
			);
			path = "ShareSDK-iOS-v2.10.2";
			sourceTree = "<group>";
		};
		4F9E7E7D1ACCEE50000252B6 /* ShareSDK */ = {
			isa = PBXGroup;
			children = (
				4F9E7E7E1ACCEE50000252B6 /* Connection */,
				4F9E7E861ACCEE50000252B6 /* Core */,
				4F9E7E8D1ACCEE50000252B6 /* Extend */,
				4F9E7E991ACCEE50000252B6 /* ShareSDK.framework */,
				4F9E7E9A1ACCEE50000252B6 /* UI */,
			);
			path = ShareSDK;
			sourceTree = "<group>";
		};
		4F9E7E7E1ACCEE50000252B6 /* Connection */ = {
			isa = PBXGroup;
			children = (
				4F9E7E7F1ACCEE50000252B6 /* CopyConnection.framework */,
				4F9E7E801ACCEE50000252B6 /* MailConnection.framework */,
				4F9E7E811ACCEE50000252B6 /* QQConnection.framework */,
				4F9E7E821ACCEE50000252B6 /* QZoneConnection.framework */,
				4F9E7E831ACCEE50000252B6 /* SinaWeiboConnection.framework */,
				4F9E7E841ACCEE50000252B6 /* SMSConnection.framework */,
				4F9E7E851ACCEE50000252B6 /* WeChatConnection.framework */,
			);
			path = Connection;
			sourceTree = "<group>";
		};
		4F9E7E861ACCEE50000252B6 /* Core */ = {
			isa = PBXGroup;
			children = (
				4F9E7E871ACCEE50000252B6 /* AGCommon.framework */,
				4F9E7E881ACCEE50000252B6 /* ShareSDKLocalizable.strings */,
				4F9E7E8A1ACCEE50000252B6 /* Resource.bundle */,
				4F9E7E8B1ACCEE50000252B6 /* ShareSDKCoreService.framework */,
			);
			path = Core;
			sourceTree = "<group>";
		};
		4F9E7E8D1ACCEE50000252B6 /* Extend */ = {
			isa = PBXGroup;
			children = (
				4F9E7E8E1ACCEE50000252B6 /* QQConnectSDK */,
				4F9E7E911ACCEE50000252B6 /* SinaWeiboSDK */,
				4F9E7E951ACCEE50000252B6 /* WeChatSDK */,
			);
			path = Extend;
			sourceTree = "<group>";
		};
		4F9E7E8E1ACCEE50000252B6 /* QQConnectSDK */ = {
			isa = PBXGroup;
			children = (
				4F9E7E8F1ACCEE50000252B6 /* TencentOpenAPI.framework */,
				4F9E7E901ACCEE50000252B6 /* TencentOpenApi_IOS_Bundle.bundle */,
			);
			path = QQConnectSDK;
			sourceTree = "<group>";
		};
		4F9E7E911ACCEE50000252B6 /* SinaWeiboSDK */ = {
			isa = PBXGroup;
			children = (
				4F9E7E921ACCEE50000252B6 /* libSinaWeiboSDK.a */,
				4F9E7E931ACCEE50000252B6 /* WeiboSDK.bundle */,
				4F9E7E941ACCEE50000252B6 /* WeiboSDK.h */,
			);
			path = SinaWeiboSDK;
			sourceTree = "<group>";
		};
		4F9E7E951ACCEE50000252B6 /* WeChatSDK */ = {
			isa = PBXGroup;
			children = (
				4F9E7E961ACCEE50000252B6 /* libWeChatSDK.a */,
				4F9E7E971ACCEE50000252B6 /* WXApi.h */,
				4F9E7E981ACCEE50000252B6 /* WXApiObject.h */,
			);
			path = WeChatSDK;
			sourceTree = "<group>";
		};
		4F9E7E9A1ACCEE50000252B6 /* UI */ = {
			isa = PBXGroup;
			children = (
				4F9E7E9B1ACCEE50000252B6 /* ShareSDKFlatShareViewUI.bundle */,
				4F9E7E9C1ACCEE50000252B6 /* ShareSDKFlatShareViewUI.framework */,
				4F9E7E9D1ACCEE50000252B6 /* ShareSDKShareActionSheet.framework */,
			);
			path = UI;
			sourceTree = "<group>";
		};
		4F9E7E9E1ACCEE50000252B6 /* commontools */ = {
			isa = PBXGroup;
			children = (
				4F9E7EA01ACCEE50000252B6 /* ChangeData.h */,
				4F9E7EA11ACCEE50000252B6 /* ChangeData.m */,
				4F9E7EA21ACCEE50000252B6 /* commonAction.h */,
				4F9E7EA31ACCEE50000252B6 /* commonAction.m */,
				4F9E7EA41ACCEE50000252B6 /* CommonFile.h */,
				4F9E7EA51ACCEE50000252B6 /* CommonFile.m */,
				4F9E7EA61ACCEE50000252B6 /* commonJudgeMent.h */,
				4F9E7EA71ACCEE50000252B6 /* commonJudgeMent.m */,
				4F9E7EA81ACCEE50000252B6 /* CommonStr.h */,
				4F9E7EA91ACCEE50000252B6 /* CommonStr.m */,
				4F115B221AD60965009EF702 /* NetWorkOpration.h */,
				4F115B231AD60965009EF702 /* NetWorkOpration.m */,
			);
			name = commontools;
			path = tools;
			sourceTree = "<group>";
		};
		4F9E7EAB1ACCEE50000252B6 /* values */ = {
			isa = PBXGroup;
			children = (
				4F9E7EAD1ACCEE50000252B6 /* URLNameSpace.h */,
				4F9E7EAF1ACCEE50000252B6 /* ScreenConfig.h */,
				4F9E7EB01ACCEE50000252B6 /* Strings.h */,
				4F9E7F3E1ACD0B00000252B6 /* Color.h */,
			);
			name = values;
			path = tools/values;
			sourceTree = "<group>";
		};
		4F9E7EB21ACCEE50000252B6 /* waitProgress */ = {
			isa = PBXGroup;
			children = (
				4F9E7EB31ACCEE50000252B6 /* WaitProgress.h */,
				4F9E7EB41ACCEE50000252B6 /* WaitProgress.m */,
			);
			path = waitProgress;
			sourceTree = "<group>";
		};
		4F9E7EB51ACCEE50000252B6 /* ZBarSDK */ = {
			isa = PBXGroup;
			children = (
				4F9E7EB61ACCEE50000252B6 /* Headers */,
				4F9E7ECE1ACCEE50000252B6 /* Resources */,
			);
			path = ZBarSDK;
			sourceTree = "<group>";
		};
		4F9E7EB61ACCEE50000252B6 /* Headers */ = {
			isa = PBXGroup;
			children = (
				4F9E7EB71ACCEE50000252B6 /* libzbar.a */,
				4F9E7EB81ACCEE50000252B6 /* ZBarSDK */,
			);
			path = Headers;
			sourceTree = "<group>";
		};
		4F9E7EB81ACCEE50000252B6 /* ZBarSDK */ = {
			isa = PBXGroup;
			children = (
				4F9E7EB91ACCEE50000252B6 /* zbar */,
				4F9E7EC31ACCEE50000252B6 /* zbar.h */,
				4F9E7EC41ACCEE50000252B6 /* ZBarCameraSimulator.h */,
				4F9E7EC51ACCEE50000252B6 /* ZBarCaptureReader.h */,
				4F9E7EC61ACCEE50000252B6 /* ZBarHelpController.h */,
				4F9E7EC71ACCEE50000252B6 /* ZBarImage.h */,
				4F9E7EC81ACCEE50000252B6 /* ZBarImageScanner.h */,
				4F9E7EC91ACCEE50000252B6 /* ZBarReaderController.h */,
				4F9E7ECA1ACCEE50000252B6 /* ZBarReaderView.h */,
				4F9E7ECB1ACCEE50000252B6 /* ZBarReaderViewController.h */,
				4F9E7ECC1ACCEE50000252B6 /* ZBarSDK.h */,
				4F9E7ECD1ACCEE50000252B6 /* ZBarSymbol.h */,
			);
			path = ZBarSDK;
			sourceTree = "<group>";
		};
		4F9E7EB91ACCEE50000252B6 /* zbar */ = {
			isa = PBXGroup;
			children = (
				4F9E7EBA1ACCEE50000252B6 /* Decoder.h */,
				4F9E7EBB1ACCEE50000252B6 /* Exception.h */,
				4F9E7EBC1ACCEE50000252B6 /* Image.h */,
				4F9E7EBD1ACCEE50000252B6 /* ImageScanner.h */,
				4F9E7EBE1ACCEE50000252B6 /* Processor.h */,
				4F9E7EBF1ACCEE50000252B6 /* Scanner.h */,
				4F9E7EC01ACCEE50000252B6 /* Symbol.h */,
				4F9E7EC11ACCEE50000252B6 /* Video.h */,
				4F9E7EC21ACCEE50000252B6 /* Window.h */,
			);
			path = zbar;
			sourceTree = "<group>";
		};
		4F9E7ECE1ACCEE50000252B6 /* Resources */ = {
			isa = PBXGroup;
			children = (
				4F9E7ECF1ACCEE50000252B6 /* zbar-back.png */,
				4F9E7ED01ACCEE50000252B6 /* zbar-help.html */,
				4F9E7ED11ACCEE50000252B6 /* zbar-helpicons.png */,
				4F9E7ED21ACCEE50000252B6 /* zbar-samples.png */,
			);
			path = Resources;
			sourceTree = "<group>";
		};
		4F9E7F341ACD0863000252B6 /* RDVTabBarController */ = {
			isa = PBXGroup;
			children = (
				4F9E7F351ACD0863000252B6 /* RDVTabBar.h */,
				4F9E7F361ACD0863000252B6 /* RDVTabBar.m */,
				4F9E7F371ACD0863000252B6 /* RDVTabBarController.h */,
				4F9E7F381ACD0863000252B6 /* RDVTabBarController.m */,
				4F9E7F391ACD0863000252B6 /* RDVTabBarItem.h */,
				4F9E7F3A1ACD0863000252B6 /* RDVTabBarItem.m */,
			);
			path = RDVTabBarController;
			sourceTree = "<group>";
		};
		4F9E7F631ACD1122000252B6 /* Frameworks */ = {
			isa = PBXGroup;
			children = (
				4F9E7F611ACD1074000252B6 /* CoreTelephony.framework */,
				4F9E7F5F1ACD0F9C000252B6 /* MessageUI.framework */,
				4F9E7F5D1ACD0F94000252B6 /* libstdc++.dylib */,
				4F9E7F5B1ACD0F87000252B6 /* libicucore.dylib */,
				4F9E7F591ACD0F7A000252B6 /* libz.1.2.5.dylib */,
				4F9E7F571ACD0F62000252B6 /* libxml2.dylib */,
				4F9E7F551ACD0F50000252B6 /* Security.framework */,
				4F9E7F531ACD0F46000252B6 /* libresolv.dylib */,
				4F9E7F511ACD0F34000252B6 /* CoreData.framework */,
				4F9E7F4F1ACD0F23000252B6 /* SystemConfiguration.framework */,
				4F9E7F4D1ACD0F09000252B6 /* libiconv.dylib */,
				4F9E7F4B1ACD0E36000252B6 /* AVFoundation.framework */,
				4F9E7F491ACD0DEE000252B6 /* QuartzCore.framework */,
				4F9E7F471ACD0DDF000252B6 /* libsqlite3.dylib */,
				4F9E7F451ACD0DD0000252B6 /* CoreGraphics.framework */,
				4F9E7F431ACD0D99000252B6 /* UIKit.framework */,
				4F9E7F411ACD0D84000252B6 /* libsqlite3.0.dylib */,
				4F9E7F3F1ACD0C3B000252B6 /* CFNetwork.framework */,
			);
			path = Frameworks;
			sourceTree = "<group>";
		};
		4F9E7F671ACD1AD0000252B6 /* pullRefreshView */ = {
			isa = PBXGroup;
			children = (
				4F9E7F801ACD1BEB000252B6 /* MJTableViewController.h */,
				4F9E7F811ACD1BEB000252B6 /* MJTableViewController.m */,
				4F9E7F681ACD1B1C000252B6 /* MJRefresh.bundle */,
				4F9E7F691ACD1B1C000252B6 /* MJRefresh.h */,
				4F9E7F6A1ACD1B1C000252B6 /* MJRefreshBaseView.h */,
				4F9E7F6B1ACD1B1C000252B6 /* MJRefreshBaseView.m */,
				4F9E7F6C1ACD1B1C000252B6 /* MJRefreshConst.h */,
				4F9E7F6D1ACD1B1C000252B6 /* MJRefreshConst.m */,
				4F9E7F6E1ACD1B1C000252B6 /* MJRefreshFooterView.h */,
				4F9E7F6F1ACD1B1C000252B6 /* MJRefreshFooterView.m */,
				4F9E7F701ACD1B1C000252B6 /* MJRefreshHeaderView.h */,
				4F9E7F711ACD1B1C000252B6 /* MJRefreshHeaderView.m */,
				4F9E7F721ACD1B1C000252B6 /* UIScrollView+MJExtension.h */,
				4F9E7F731ACD1B1C000252B6 /* UIScrollView+MJExtension.m */,
				4F9E7F741ACD1B1C000252B6 /* UIScrollView+MJRefresh.h */,
				4F9E7F751ACD1B1C000252B6 /* UIScrollView+MJRefresh.m */,
				4F9E7F761ACD1B1C000252B6 /* UIView+MJExtension.h */,
				4F9E7F771ACD1B1C000252B6 /* UIView+MJExtension.m */,
			);
			path = pullRefreshView;
			sourceTree = "<group>";
		};
/* End PBXGroup section */

/* Begin PBXNativeTarget section */
		4F9E7DE91ACCEDCF000252B6 /* commonProject */ = {
			isa = PBXNativeTarget;
			buildConfigurationList = 4F9E7E0D1ACCEDCF000252B6 /* Build configuration list for PBXNativeTarget "commonProject" */;
			buildPhases = (
				4F9E7DE61ACCEDCF000252B6 /* Sources */,
				4F9E7DE71ACCEDCF000252B6 /* Frameworks */,
				4F9E7DE81ACCEDCF000252B6 /* Resources */,
			);
			buildRules = (
			);
			dependencies = (
			);
			name = commonProject;
			productName = commonProject;
			productReference = 4F9E7DEA1ACCEDCF000252B6 /* commonProject.app */;
			productType = "com.apple.product-type.application";
		};
		4F9E7E021ACCEDCF000252B6 /* commonProjectTests */ = {
			isa = PBXNativeTarget;
			buildConfigurationList = 4F9E7E101ACCEDCF000252B6 /* Build configuration list for PBXNativeTarget "commonProjectTests" */;
			buildPhases = (
				4F9E7DFF1ACCEDCF000252B6 /* Sources */,
				4F9E7E001ACCEDCF000252B6 /* Frameworks */,
				4F9E7E011ACCEDCF000252B6 /* Resources */,
			);
			buildRules = (
			);
			dependencies = (
				4F9E7E051ACCEDCF000252B6 /* PBXTargetDependency */,
			);
			name = commonProjectTests;
			productName = commonProjectTests;
			productReference = 4F9E7E031ACCEDCF000252B6 /* commonProjectTests.xctest */;
			productType = "com.apple.product-type.bundle.unit-test";
		};
/* End PBXNativeTarget section */

/* Begin PBXProject section */
		4F9E7DE21ACCEDCE000252B6 /* Project object */ = {
			isa = PBXProject;
			attributes = {
				LastUpgradeCheck = 0620;
				ORGANIZATIONNAME = com.xu.tableview;
				TargetAttributes = {
					4F9E7DE91ACCEDCF000252B6 = {
						CreatedOnToolsVersion = 6.2;
						DevelopmentTeam = YV7A7LY4SX;
					};
					4F9E7E021ACCEDCF000252B6 = {
						CreatedOnToolsVersion = 6.2;
						TestTargetID = 4F9E7DE91ACCEDCF000252B6;
					};
				};
			};
			buildConfigurationList = 4F9E7DE51ACCEDCE000252B6 /* Build configuration list for PBXProject "commonProject" */;
			compatibilityVersion = "Xcode 3.2";
			developmentRegion = English;
			hasScannedForEncodings = 0;
			knownRegions = (
				en,
				Base,
				"zh-Hans",
			);
			mainGroup = 4F9E7DE11ACCEDCE000252B6;
			productRefGroup = 4F9E7DEB1ACCEDCF000252B6 /* Products */;
			projectDirPath = "";
			projectRoot = "";
			targets = (
				4F9E7DE91ACCEDCF000252B6 /* commonProject */,
				4F9E7E021ACCEDCF000252B6 /* commonProjectTests */,
			);
		};
/* End PBXProject section */

/* Begin PBXResourcesBuildPhase section */
		4F9E7DE81ACCEDCF000252B6 /* Resources */ = {
			isa = PBXResourcesBuildPhase;
			buildActionMask = 2147483647;
			files = (
				4F9E7F301ACCEE51000252B6 /* zbar-help.html in Resources */,
				4F9E7F1B1ACCEE50000252B6 /* ShareSDKLocalizable.strings in Resources */,
				4F9E7DF91ACCEDCF000252B6 /* Main.storyboard in Resources */,
				4F9E7F211ACCEE51000252B6 /* WeiboSDK.bundle in Resources */,
				4F9E7F311ACCEE51000252B6 /* zbar-helpicons.png in Resources */,
				4F9E7DFE1ACCEDCF000252B6 /* LaunchScreen.xib in Resources */,
				4F9E7F321ACCEE51000252B6 /* zbar-samples.png in Resources */,
				4F9E7F2F1ACCEE51000252B6 /* zbar-back.png in Resources */,
				4F9E7F781ACD1B1C000252B6 /* MJRefresh.bundle in Resources */,
				4F9E7F1F1ACCEE51000252B6 /* TencentOpenApi_IOS_Bundle.bundle in Resources */,
				4F9E7DFB1ACCEDCF000252B6 /* Images.xcassets in Resources */,
				4F9E7F241ACCEE51000252B6 /* ShareSDKFlatShareViewUI.bundle in Resources */,
				4F9E7F071ACCEE50000252B6 /* blueArrow@2x.png in Resources */,
				4F9E7F091ACCEE50000252B6 /* blueArrowDown@2x.png in Resources */,
				4F9E7F0B1ACCEE50000252B6 /* readme.txt in Resources */,
				4F9E7F081ACCEE50000252B6 /* blueArrowDown.png in Resources */,
				4F9E7F1C1ACCEE50000252B6 /* Resource.bundle in Resources */,
				4F9E7F061ACCEE50000252B6 /* blueArrow.png in Resources */,
			);
			runOnlyForDeploymentPostprocessing = 0;
		};
		4F9E7E011ACCEDCF000252B6 /* Resources */ = {
			isa = PBXResourcesBuildPhase;
			buildActionMask = 2147483647;
			files = (
			);
			runOnlyForDeploymentPostprocessing = 0;
		};
/* End PBXResourcesBuildPhase section */

/* Begin PBXSourcesBuildPhase section */
		4F9E7DE61ACCEDCF000252B6 /* Sources */ = {
			isa = PBXSourcesBuildPhase;
			buildActionMask = 2147483647;
			files = (
				4F115B1A1AD51F22009EF702 /* UitableFeildViewController.m in Sources */,
				4F9E7F841ACD227A000252B6 /* MJRefreshBaseView.m in Sources */,
				4F0085A81ACE3EB3000E055F /* PullRefreshController1.m in Sources */,
				4F9E7F291ACCEE51000252B6 /* CommonFile.m in Sources */,
				4F9E7F7A1ACD1B1C000252B6 /* MJRefreshConst.m in Sources */,
				4F0B92851ADB524B008C637F /* EasyLayout.m in Sources */,
				4F9E7F3D1ACD0863000252B6 /* RDVTabBarItem.m in Sources */,
				4F0B92921ADB886D008C637F /* AlertNotify.m in Sources */,
				4F9E7F7F1ACD1B1C000252B6 /* UIView+MJExtension.m in Sources */,
				4F9E7F2D1ACCEE51000252B6 /* WaitProgress.m in Sources */,
				4F115B171AD5140F009EF702 /* BaseViewController.m in Sources */,
				4F9E7EF91ACCEE50000252B6 /* ZUOYLDAOBase.m in Sources */,
				4F115B1E1AD52FD4009EF702 /* UITextView+UITextViewCategory.m in Sources */,
				4F9E7F0A1ACCEE50000252B6 /* PullingRefreshTableView.m in Sources */,
				4F0085A51ACE2114000E055F /* PullRefreshCell.m in Sources */,
				4F9E7F7B1ACD1B1C000252B6 /* MJRefreshFooterView.m in Sources */,
				4F0B92881ADB58D1008C637F /* shareTest.m in Sources */,
				4F9E7F661ACD1782000252B6 /* PullRefreshController.m in Sources */,
				4F9E7F7D1ACD1B1C000252B6 /* UIScrollView+MJExtension.m in Sources */,
				4F9E7F001ACCEE50000252B6 /* qrspec.c in Sources */,
				4F0B927C1ADB4A75008C637F /* UITextField+UITextFeildCatagory.m in Sources */,
				4F0085AC1ACE6CA5000E055F /* JkHealthy.m in Sources */,
				4F9E7ED31ACCEE50000252B6 /* APScrollView.m in Sources */,
				4F9E7EF61ACCEE50000252B6 /* FMDatabaseQueue.m in Sources */,
				4F9E7EFA1ACCEE50000252B6 /* iToast.m in Sources */,
				4F9E7DF61ACCEDCF000252B6 /* ViewController.m in Sources */,
				4F9E7F821ACD1BEB000252B6 /* MJTableViewController.m in Sources */,
				4F9E7F271ACCEE51000252B6 /* ChangeData.m in Sources */,
				4F9E7EFD1ACCEE50000252B6 /* QRCodeGenerator.m in Sources */,
				4F9E7F101ACCEE50000252B6 /* SDWebDataManager.m in Sources */,
				4F0B927F1ADB4AF4008C637F /* UIView+UIViewCategory.m in Sources */,
				4F9E7F111ACCEE50000252B6 /* ACViewDelegate.m in Sources */,
				4F0B928F1ADB62BF008C637F /* LoadNotyBorder.m in Sources */,
				4F9E7F3C1ACD0863000252B6 /* RDVTabBarController.m in Sources */,
				4F9E7F2A1ACCEE51000252B6 /* commonJudgeMent.m in Sources */,
				4F0B928B1ADB6262008C637F /* TAlertView.m in Sources */,
				4F0B92951ADB9891008C637F /* DejalActivityView.m in Sources */,
				4F9E7F7C1ACD1B1C000252B6 /* MJRefreshHeaderView.m in Sources */,
				4F9E7F7E1ACD1B1C000252B6 /* UIScrollView+MJRefresh.m in Sources */,
				4F9E7EFB1ACCEE50000252B6 /* bitstream.c in Sources */,
				4F9E7F021ACCEE50000252B6 /* split.c in Sources */,
				4F9E7DF31ACCEDCF000252B6 /* AppDelegate.m in Sources */,
				4F9E7F121ACCEE50000252B6 /* shareContentsToOtherApps.m in Sources */,
				4F115B241AD60965009EF702 /* NetWorkOpration.m in Sources */,
				4F9E7F0F1ACCEE50000252B6 /* SDWebDataDownloader.m in Sources */,
				4F9E7EF81ACCEE50000252B6 /* JsonToModel.m in Sources */,
				4F9E7EF31ACCEE50000252B6 /* FMDatabase.m in Sources */,
				4F9E7EF51ACCEE50000252B6 /* FMDatabasePool.m in Sources */,
				4F9E7F2B1ACCEE51000252B6 /* CommonStr.m in Sources */,
				4F9E7EF71ACCEE50000252B6 /* FMResultSet.m in Sources */,
				4F9E7EFE1ACCEE50000252B6 /* qrencode.c in Sources */,
				4F9E7F3B1ACD0863000252B6 /* RDVTabBar.m in Sources */,
				4F9E7F281ACCEE51000252B6 /* commonAction.m in Sources */,
				4F9E7EFC1ACCEE50000252B6 /* mask.c in Sources */,
				4F9E7F0E1ACCEE50000252B6 /* SDNetworkActivityIndicator.m in Sources */,
				4F9E7F011ACCEE50000252B6 /* rscode.c in Sources */,
				4F9E7DF01ACCEDCF000252B6 /* main.m in Sources */,
				4F0B92821ADB4C3F008C637F /* ViewEvent.m in Sources */,
				4F9E7EF41ACCEE50000252B6 /* FMDatabaseAdditions.m in Sources */,
				4F9E7F0C1ACCEE50000252B6 /* SDDataCache.m in Sources */,
				4F9E7F0D1ACCEE50000252B6 /* SDImageView+SDWebCache.m in Sources */,
				4F9E7EFF1ACCEE50000252B6 /* qrinput.c in Sources */,
			);
			runOnlyForDeploymentPostprocessing = 0;
		};
		4F9E7DFF1ACCEDCF000252B6 /* Sources */ = {
			isa = PBXSourcesBuildPhase;
			buildActionMask = 2147483647;
			files = (
				4F9E7E0A1ACCEDCF000252B6 /* commonProjectTests.m in Sources */,
			);
			runOnlyForDeploymentPostprocessing = 0;
		};
/* End PBXSourcesBuildPhase section */

/* Begin PBXTargetDependency section */
		4F9E7E051ACCEDCF000252B6 /* PBXTargetDependency */ = {
			isa = PBXTargetDependency;
			target = 4F9E7DE91ACCEDCF000252B6 /* commonProject */;
			targetProxy = 4F9E7E041ACCEDCF000252B6 /* PBXContainerItemProxy */;
		};
/* End PBXTargetDependency section */

/* Begin PBXVariantGroup section */
		4F9E7DF71ACCEDCF000252B6 /* Main.storyboard */ = {
			isa = PBXVariantGroup;
			children = (
				4F9E7DF81ACCEDCF000252B6 /* Base */,
			);
			name = Main.storyboard;
			sourceTree = "<group>";
		};
		4F9E7DFC1ACCEDCF000252B6 /* LaunchScreen.xib */ = {
			isa = PBXVariantGroup;
			children = (
				4F9E7DFD1ACCEDCF000252B6 /* Base */,
			);
			name = LaunchScreen.xib;
			sourceTree = "<group>";
		};
		4F9E7E881ACCEE50000252B6 /* ShareSDKLocalizable.strings */ = {
			isa = PBXVariantGroup;
			children = (
				4F9E7E891ACCEE50000252B6 /* en */,
				4F9E7E8C1ACCEE50000252B6 /* zh-Hans */,
			);
			name = ShareSDKLocalizable.strings;
			sourceTree = "<group>";
		};
/* End PBXVariantGroup section */

/* Begin XCBuildConfiguration section */
		4F9E7E0B1ACCEDCF000252B6 /* Debug */ = {
			isa = XCBuildConfiguration;
			buildSettings = {
				ALWAYS_SEARCH_USER_PATHS = NO;
				CLANG_CXX_LANGUAGE_STANDARD = "gnu++0x";
				CLANG_CXX_LIBRARY = "libc++";
				CLANG_ENABLE_MODULES = YES;
				CLANG_ENABLE_OBJC_ARC = YES;
				CLANG_WARN_BOOL_CONVERSION = YES;
				CLANG_WARN_CONSTANT_CONVERSION = YES;
				CLANG_WARN_DIRECT_OBJC_ISA_USAGE = YES_ERROR;
				CLANG_WARN_EMPTY_BODY = YES;
				CLANG_WARN_ENUM_CONVERSION = YES;
				CLANG_WARN_INT_CONVERSION = YES;
				CLANG_WARN_OBJC_ROOT_CLASS = YES_ERROR;
				CLANG_WARN_UNREACHABLE_CODE = YES;
				CLANG_WARN__DUPLICATE_METHOD_MATCH = YES;
				"CODE_SIGN_IDENTITY[sdk=iphoneos*]" = "iPhone Developer";
				COPY_PHASE_STRIP = NO;
				ENABLE_STRICT_OBJC_MSGSEND = YES;
				GCC_C_LANGUAGE_STANDARD = gnu99;
				GCC_DYNAMIC_NO_PIC = NO;
				GCC_OPTIMIZATION_LEVEL = 0;
				GCC_PREPROCESSOR_DEFINITIONS = (
					"DEBUG=1",
					"$(inherited)",
				);
				GCC_SYMBOLS_PRIVATE_EXTERN = NO;
				GCC_WARN_64_TO_32_BIT_CONVERSION = YES;
				GCC_WARN_ABOUT_RETURN_TYPE = YES_ERROR;
				GCC_WARN_UNDECLARED_SELECTOR = YES;
				GCC_WARN_UNINITIALIZED_AUTOS = YES_AGGRESSIVE;
				GCC_WARN_UNUSED_FUNCTION = YES;
				GCC_WARN_UNUSED_VARIABLE = YES;
				IPHONEOS_DEPLOYMENT_TARGET = 8.2;
				MTL_ENABLE_DEBUG_INFO = YES;
				ONLY_ACTIVE_ARCH = YES;
				SDKROOT = iphoneos;
			};
			name = Debug;
		};
		4F9E7E0C1ACCEDCF000252B6 /* Release */ = {
			isa = XCBuildConfiguration;
			buildSettings = {
				ALWAYS_SEARCH_USER_PATHS = NO;
				CLANG_CXX_LANGUAGE_STANDARD = "gnu++0x";
				CLANG_CXX_LIBRARY = "libc++";
				CLANG_ENABLE_MODULES = YES;
				CLANG_ENABLE_OBJC_ARC = YES;
				CLANG_WARN_BOOL_CONVERSION = YES;
				CLANG_WARN_CONSTANT_CONVERSION = YES;
				CLANG_WARN_DIRECT_OBJC_ISA_USAGE = YES_ERROR;
				CLANG_WARN_EMPTY_BODY = YES;
				CLANG_WARN_ENUM_CONVERSION = YES;
				CLANG_WARN_INT_CONVERSION = YES;
				CLANG_WARN_OBJC_ROOT_CLASS = YES_ERROR;
				CLANG_WARN_UNREACHABLE_CODE = YES;
				CLANG_WARN__DUPLICATE_METHOD_MATCH = YES;
				"CODE_SIGN_IDENTITY[sdk=iphoneos*]" = "iPhone Developer";
				COPY_PHASE_STRIP = NO;
				ENABLE_NS_ASSERTIONS = NO;
				ENABLE_STRICT_OBJC_MSGSEND = YES;
				GCC_C_LANGUAGE_STANDARD = gnu99;
				GCC_WARN_64_TO_32_BIT_CONVERSION = YES;
				GCC_WARN_ABOUT_RETURN_TYPE = YES_ERROR;
				GCC_WARN_UNDECLARED_SELECTOR = YES;
				GCC_WARN_UNINITIALIZED_AUTOS = YES_AGGRESSIVE;
				GCC_WARN_UNUSED_FUNCTION = YES;
				GCC_WARN_UNUSED_VARIABLE = YES;
				IPHONEOS_DEPLOYMENT_TARGET = 8.2;
				MTL_ENABLE_DEBUG_INFO = NO;
				SDKROOT = iphoneos;
				VALIDATE_PRODUCT = YES;
			};
			name = Release;
		};
		4F9E7E0E1ACCEDCF000252B6 /* Debug */ = {
			isa = XCBuildConfiguration;
			buildSettings = {
				ASSETCATALOG_COMPILER_APPICON_NAME = AppIcon;
				CODE_SIGN_IDENTITY = "iPhone Developer";
				FRAMEWORK_SEARCH_PATHS = (
					"$(inherited)",
					"$(PROJECT_DIR)/commonProject/tools/share/ShareSDK-iOS-v2.10.2/ShareSDK/Connection",
					"$(PROJECT_DIR)/commonProject/tools/share/ShareSDK-iOS-v2.10.2/ShareSDK/Core",
					"$(PROJECT_DIR)/commonProject/tools/share/ShareSDK-iOS-v2.10.2/ShareSDK/Extend/QQConnectSDK",
					"$(PROJECT_DIR)/commonProject/tools/share/ShareSDK-iOS-v2.10.2/ShareSDK",
					"$(PROJECT_DIR)/commonProject/tools/share/ShareSDK-iOS-v2.10.2/ShareSDK/UI",
				);
				GCC_C_LANGUAGE_STANDARD = gnu99;
				GCC_INPUT_FILETYPE = automatic;
				GCC_PRECOMPILE_PREFIX_HEADER = YES;
				INFOPLIST_FILE = commonProject/Info.plist;
				IPHONEOS_DEPLOYMENT_TARGET = 6.0;
				LD_RUNPATH_SEARCH_PATHS = "$(inherited) @executable_path/Frameworks";
				LIBRARY_SEARCH_PATHS = (
					"$(inherited)",
					"$(PROJECT_DIR)/commonProject/tools/share/ShareSDK-iOS-v2.10.2/ShareSDK/Extend/SinaWeiboSDK",
					"$(PROJECT_DIR)/commonProject/tools/share/ShareSDK-iOS-v2.10.2/ShareSDK/Extend/WeChatSDK",
					"$(PROJECT_DIR)/commonProject/tools/ZBarSDK/Headers",
				);
				PRODUCT_NAME = "$(TARGET_NAME)";
			};
			name = Debug;
		};
		4F9E7E0F1ACCEDCF000252B6 /* Release */ = {
			isa = XCBuildConfiguration;
			buildSettings = {
				ASSETCATALOG_COMPILER_APPICON_NAME = AppIcon;
				CODE_SIGN_IDENTITY = "iPhone Developer";
				FRAMEWORK_SEARCH_PATHS = (
					"$(inherited)",
					"$(PROJECT_DIR)/commonProject/tools/share/ShareSDK-iOS-v2.10.2/ShareSDK/Connection",
					"$(PROJECT_DIR)/commonProject/tools/share/ShareSDK-iOS-v2.10.2/ShareSDK/Core",
					"$(PROJECT_DIR)/commonProject/tools/share/ShareSDK-iOS-v2.10.2/ShareSDK/Extend/QQConnectSDK",
					"$(PROJECT_DIR)/commonProject/tools/share/ShareSDK-iOS-v2.10.2/ShareSDK",
					"$(PROJECT_DIR)/commonProject/tools/share/ShareSDK-iOS-v2.10.2/ShareSDK/UI",
				);
				GCC_C_LANGUAGE_STANDARD = gnu99;
				GCC_INPUT_FILETYPE = automatic;
				GCC_PRECOMPILE_PREFIX_HEADER = YES;
				INFOPLIST_FILE = commonProject/Info.plist;
				IPHONEOS_DEPLOYMENT_TARGET = 6.0;
				LD_RUNPATH_SEARCH_PATHS = "$(inherited) @executable_path/Frameworks";
				LIBRARY_SEARCH_PATHS = (
					"$(inherited)",
					"$(PROJECT_DIR)/commonProject/tools/share/ShareSDK-iOS-v2.10.2/ShareSDK/Extend/SinaWeiboSDK",
					"$(PROJECT_DIR)/commonProject/tools/share/ShareSDK-iOS-v2.10.2/ShareSDK/Extend/WeChatSDK",
					"$(PROJECT_DIR)/commonProject/tools/ZBarSDK/Headers",
				);
				PRODUCT_NAME = "$(TARGET_NAME)";
			};
			name = Release;
		};
		4F9E7E111ACCEDCF000252B6 /* Debug */ = {
			isa = XCBuildConfiguration;
			buildSettings = {
				BUNDLE_LOADER = "$(TEST_HOST)";
				FRAMEWORK_SEARCH_PATHS = (
					"$(SDKROOT)/Developer/Library/Frameworks",
					"$(inherited)",
				);
				GCC_PREPROCESSOR_DEFINITIONS = (
					"DEBUG=1",
					"$(inherited)",
				);
				INFOPLIST_FILE = commonProjectTests/Info.plist;
				LD_RUNPATH_SEARCH_PATHS = "$(inherited) @executable_path/Frameworks @loader_path/Frameworks";
				PRODUCT_NAME = "$(TARGET_NAME)";
				TEST_HOST = "$(BUILT_PRODUCTS_DIR)/commonProject.app/commonProject";
			};
			name = Debug;
		};
		4F9E7E121ACCEDCF000252B6 /* Release */ = {
			isa = XCBuildConfiguration;
			buildSettings = {
				BUNDLE_LOADER = "$(TEST_HOST)";
				FRAMEWORK_SEARCH_PATHS = (
					"$(SDKROOT)/Developer/Library/Frameworks",
					"$(inherited)",
				);
				INFOPLIST_FILE = commonProjectTests/Info.plist;
				LD_RUNPATH_SEARCH_PATHS = "$(inherited) @executable_path/Frameworks @loader_path/Frameworks";
				PRODUCT_NAME = "$(TARGET_NAME)";
				TEST_HOST = "$(BUILT_PRODUCTS_DIR)/commonProject.app/commonProject";
			};
			name = Release;
		};
/* End XCBuildConfiguration section */

/* Begin XCConfigurationList section */
		4F9E7DE51ACCEDCE000252B6 /* Build configuration list for PBXProject "commonProject" */ = {
			isa = XCConfigurationList;
			buildConfigurations = (
				4F9E7E0B1ACCEDCF000252B6 /* Debug */,
				4F9E7E0C1ACCEDCF000252B6 /* Release */,
			);
			defaultConfigurationIsVisible = 0;
			defaultConfigurationName = Release;
		};
		4F9E7E0D1ACCEDCF000252B6 /* Build configuration list for PBXNativeTarget "commonProject" */ = {
			isa = XCConfigurationList;
			buildConfigurations = (
				4F9E7E0E1ACCEDCF000252B6 /* Debug */,
				4F9E7E0F1ACCEDCF000252B6 /* Release */,
			);
			defaultConfigurationIsVisible = 0;
			defaultConfigurationName = Release;
		};
		4F9E7E101ACCEDCF000252B6 /* Build configuration list for PBXNativeTarget "commonProjectTests" */ = {
			isa = XCConfigurationList;
			buildConfigurations = (
				4F9E7E111ACCEDCF000252B6 /* Debug */,
				4F9E7E121ACCEDCF000252B6 /* Release */,
			);
			defaultConfigurationIsVisible = 0;
			defaultConfigurationName = Release;
		};
/* End XCConfigurationList section */
	};
	rootObject = 4F9E7DE21ACCEDCE000252B6 /* Project object */;
}
